PODS:
  - AFNetworking (2.6.2):
    - AFNetworking/NSURLConnection (= 2.6.2)
    - AFNetworking/NSURLSession (= 2.6.2)
    - AFNetworking/Reachability (= 2.6.2)
    - AFNetworking/Security (= 2.6.2)
    - AFNetworking/Serialization (= 2.6.2)
    - AFNetworking/UIKit (= 2.6.2)
  - AFNetworking/NSURLConnection (2.6.2):
    - AFNetworking/Reachability
    - AFNetworking/Security
    - AFNetworking/Serialization
  - AFNetworking/NSURLSession (2.6.2):
    - AFNetworking/Reachability
    - AFNetworking/Security
    - AFNetworking/Serialization
  - AFNetworking/Reachability (2.6.2)
  - AFNetworking/Security (2.6.2)
  - AFNetworking/Serialization (2.6.2)
  - AFNetworking/UIKit (2.6.2):
    - AFNetworking/NSURLConnection
    - AFNetworking/NSURLSession
  - ChameleonFramework (2.0.4):
    - ChameleonFramework/Default (= 2.0.4)
  - ChameleonFramework/Default (2.0.4)
  - CocoaLumberjack (2.2.0):
    - CocoaLumberjack/Default (= 2.2.0)
    - CocoaLumberjack/Extensions (= 2.2.0)
  - CocoaLumberjack/Core (2.2.0)
  - CocoaLumberjack/Default (2.2.0):
    - CocoaLumberjack/Core
  - CocoaLumberjack/Extensions (2.2.0):
    - CocoaLumberjack/Default
  - CocoaSoundCloudAPI (1.0.2):
    - NXOAuth2Client (= 1.2.2)
  - CocoaSoundCloudUI (1.0.9):
    - CocoaSoundCloudAPI (~> 1.0.2)
    - OHAttributedLabel
  - DZNEmptyDataSet (1.7.2)
  - Expecta (1.0.3)
  - FontAwesomeKit (2.1.8):
    - FontAwesomeKit/Core (= 2.1.8)
    - FontAwesomeKit/FontAwesome (= 2.1.8)
    - FontAwesomeKit/FoundationIcons (= 2.1.8)
    - FontAwesomeKit/IonIcons (= 2.1.8)
    - FontAwesomeKit/Zocial (= 2.1.8)
  - FontAwesomeKit/Core (2.1.8)
  - FontAwesomeKit/FontAwesome (2.1.8):
    - FontAwesomeKit/Core
  - FontAwesomeKit/FoundationIcons (2.1.8):
    - FontAwesomeKit/Core
  - FontAwesomeKit/IonIcons (2.1.8):
    - FontAwesomeKit/Core
  - FontAwesomeKit/Zocial (2.1.8):
    - FontAwesomeKit/Core
  - GCDWebServer/Core (3.2.7)
  - GCDWebServer/WebUploader (3.2.7):
    - GCDWebServer/Core
  - Mantle (2.0.5):
    - Mantle/extobjc (= 2.0.5)
  - Mantle/extobjc (2.0.5)
  - NXOAuth2Client (1.2.2)
  - OCMock (3.2)
  - OHAttributedLabel (3.5.5)
  - OHHTTPStubs (4.5.1):
    - OHHTTPStubs/Default (= 4.5.1)
  - OHHTTPStubs/Core (4.5.1)
  - OHHTTPStubs/Default (4.5.1):
    - OHHTTPStubs/Core
    - OHHTTPStubs/JSON
    - OHHTTPStubs/NSURLSession
    - OHHTTPStubs/OHPathHelpers
  - OHHTTPStubs/JSON (4.5.1):
    - OHHTTPStubs/Core
  - OHHTTPStubs/NSURLSession (4.5.1):
    - OHHTTPStubs/Core
  - OHHTTPStubs/OHPathHelpers (4.5.1)
  - OrigamiEngine/Core (1.0.14)
  - OrigamiEngine/Flac (1.0.14):
    - OrigamiEngine/Core
  - OrigamiEngine/Opus (1.0.14):
    - OrigamiEngine/Core
  - ReactiveCocoa (2.5):
    - ReactiveCocoa/UI (= 2.5)
  - ReactiveCocoa/Core (2.5):
    - ReactiveCocoa/no-arc
  - ReactiveCocoa/no-arc (2.5)
  - ReactiveCocoa/UI (2.5):
    - ReactiveCocoa/Core
  - Specta (1.0.4)
  - YapDatabase (2.7.5):
    - YapDatabase/standard (= 2.7.5)
  - YapDatabase/standard (2.7.5):
    - CocoaLumberjack (~> 2)

DEPENDENCIES:
  - AFNetworking
  - ChameleonFramework
  - CocoaSoundCloudAPI
  - CocoaSoundCloudUI
  - DZNEmptyDataSet
  - Expecta
  - FontAwesomeKit (~> 2.1.0)
  - GCDWebServer/WebUploader
  - Mantle
  - OCMock
  - OHHTTPStubs
  - OrigamiEngine/Flac
  - OrigamiEngine/Opus
  - ReactiveCocoa
  - Specta
  - YapDatabase

SPEC CHECKSUMS:
  AFNetworking: 7f317038a9710cabfa43ec56396b307b45df72ab
  ChameleonFramework: 5abe69b1f2a6cc79c3c435fcd9d3d855748225ee
  CocoaLumberjack: 17fe8581f84914d5d7e6360f7c70022b173c3ae0
  CocoaSoundCloudAPI: bef452c90f3a3af6de41a620d7d156d716d68f79
  CocoaSoundCloudUI: f5aed254f432bc68a5a3570b74cdd6d18ce7b037
  DZNEmptyDataSet: 0ec00bfc230d7450997b60c127afdd0b9f24f3b6
  Expecta: 9d1bff6c8b0eeee73a166a2ee898892478927a15
  FontAwesomeKit: 64759fb28b5d2e74a1bd81553d7c11ca10e32179
  GCDWebServer: 76a9540371d5f12f850b32ec7f555dd2d266e543
  Mantle: 1912395033f601de5adc8ee91e48f46e4c7051ad
  NXOAuth2Client: 492f961d549c411b344cfae861de0dc63b176edc
  OCMock: 28def049ef47f996b515a8eeea958be7ccab2dbb
  OHAttributedLabel: 9b2eb99323dee6b3a81ef3bc8e98b084117bca2d
  OHHTTPStubs: f9ed5d0574877f6008261de9c2728cc1662a6566
  OrigamiEngine: 74b097326260597f1498790795cc2cdd604c199a
  ReactiveCocoa: e2db045570aa97c695e7aa97c2bcab222ae51f4a
  Specta: 69bb134672aae190a1379ff91df07dad8dd1f869
  YapDatabase: dd98c77360272028472c4dee07794857d8691647

COCOAPODS: 0.39.0
