PODS:
  - AFNetworking (2.6.3):
    - AFNetworking/NSURLConnection (= 2.6.3)
    - AFNetworking/NSURLSession (= 2.6.3)
    - AFNetworking/Reachability (= 2.6.3)
    - AFNetworking/Security (= 2.6.3)
    - AFNetworking/Serialization (= 2.6.3)
    - AFNetworking/UIKit (= 2.6.3)
  - AFNetworking/NSURLConnection (2.6.3):
    - AFNetworking/Reachability
    - AFNetworking/Security
    - AFNetworking/Serialization
  - AFNetworking/NSURLSession (2.6.3):
    - AFNetworking/Reachability
    - AFNetworking/Security
    - AFNetworking/Serialization
  - AFNetworking/Reachability (2.6.3)
  - AFNetworking/Security (2.6.3)
  - AFNetworking/Serialization (2.6.3)
  - AFNetworking/UIKit (2.6.3):
    - AFNetworking/NSURLConnection
    - AFNetworking/NSURLSession
  - ChameleonFramework (2.0.4):
    - ChameleonFramework/Default (= 2.0.4)
  - ChameleonFramework/Default (2.0.4)
  - CocoaLumberjack (2.2.0):
    - CocoaLumberjack/Default (= 2.2.0)
    - CocoaLumberjack/Extensions (= 2.2.0)
  - CocoaLumberjack/Core (2.2.0)
  - CocoaLumberjack/Default (2.2.0):
    - CocoaLumberjack/Core
  - CocoaLumberjack/Extensions (2.2.0):
    - CocoaLumberjack/Default
  - CocoaSoundCloudAPI (1.0.2):
    - NXOAuth2Client (= 1.2.2)
  - CocoaSoundCloudUI (1.0.9):
    - CocoaSoundCloudAPI (~> 1.0.2)
    - OHAttributedLabel
  - DZNEmptyDataSet (1.7.2)
  - FLKAutoLayout (0.2.1)
  - FontAwesomeKit (2.1.8):
    - FontAwesomeKit/Core (= 2.1.8)
    - FontAwesomeKit/FontAwesome (= 2.1.8)
    - FontAwesomeKit/FoundationIcons (= 2.1.8)
    - FontAwesomeKit/IonIcons (= 2.1.8)
    - FontAwesomeKit/Zocial (= 2.1.8)
  - FontAwesomeKit/Core (2.1.8)
  - FontAwesomeKit/FontAwesome (2.1.8):
    - FontAwesomeKit/Core
  - FontAwesomeKit/FoundationIcons (2.1.8):
    - FontAwesomeKit/Core
  - FontAwesomeKit/IonIcons (2.1.8):
    - FontAwesomeKit/Core
  - FontAwesomeKit/Zocial (2.1.8):
    - FontAwesomeKit/Core
  - GCDWebServer/Core (3.2.7)
  - GCDWebServer/WebUploader (3.2.7):
    - GCDWebServer/Core
  - JRNLocalNotificationCenter (0.0.3)
  - Mantle (2.0.5):
    - Mantle/extobjc (= 2.0.5)
  - Mantle/extobjc (2.0.5)
  - MNTPullToReact (1.0.2)
  - NPAudioStream (0.1.7)
  - NXOAuth2Client (1.2.2)
  - OHAttributedLabel (3.5.5)
  - OrigamiEngine (1.0.14):
    - OrigamiEngine/Core (= 1.0.14)
  - OrigamiEngine/Core (1.0.14)
  - OrigamiEngine/Flac (1.0.14):
    - OrigamiEngine/Core
  - OrigamiEngine/Opus (1.0.14):
    - OrigamiEngine/Core
  - ReactiveCocoa (2.5):
    - ReactiveCocoa/UI (= 2.5)
  - ReactiveCocoa/Core (2.5):
    - ReactiveCocoa/no-arc
  - ReactiveCocoa/no-arc (2.5)
  - ReactiveCocoa/UI (2.5):
    - ReactiveCocoa/Core
  - SVProgressHUD (2.0.3)
  - YapDatabase (2.7.6):
    - YapDatabase/standard (= 2.7.6)
  - YapDatabase/standard (2.7.6):
    - CocoaLumberjack (~> 2)

DEPENDENCIES:
  - AFNetworking
  - ChameleonFramework
  - CocoaSoundCloudAPI
  - CocoaSoundCloudUI
  - DZNEmptyDataSet
  - FLKAutoLayout
  - FontAwesomeKit (~> 2.1.0)
  - GCDWebServer/WebUploader
  - JRNLocalNotificationCenter
  - Mantle
  - MNTPullToReact (~> 1.0)
  - NPAudioStream (from `https://github.com/NoonPacific/NPAudioStream.git`)
  - OrigamiEngine (from `https://github.com/darkcl/OrigamiEngine.git`)
  - OrigamiEngine/Flac (from `https://github.com/darkcl/OrigamiEngine.git`)
  - OrigamiEngine/Opus (from `https://github.com/darkcl/OrigamiEngine.git`)
  - ReactiveCocoa
  - SVProgressHUD
  - YapDatabase

EXTERNAL SOURCES:
  NPAudioStream:
    :git: https://github.com/NoonPacific/NPAudioStream.git
  OrigamiEngine:
    :git: https://github.com/darkcl/OrigamiEngine.git

CHECKOUT OPTIONS:
  NPAudioStream:
    :commit: 01628d52d3a9c91fae2b2f77ce22cf391ec46e94
    :git: https://github.com/NoonPacific/NPAudioStream.git
  OrigamiEngine:
    :commit: 1633d5a53bf18493696ce9a78477d5119fcc4059
    :git: https://github.com/darkcl/OrigamiEngine.git

SPEC CHECKSUMS:
  AFNetworking: cb8d14a848e831097108418f5d49217339d4eb60
  ChameleonFramework: 5abe69b1f2a6cc79c3c435fcd9d3d855748225ee
  CocoaLumberjack: 17fe8581f84914d5d7e6360f7c70022b173c3ae0
  CocoaSoundCloudAPI: bef452c90f3a3af6de41a620d7d156d716d68f79
  CocoaSoundCloudUI: f5aed254f432bc68a5a3570b74cdd6d18ce7b037
  DZNEmptyDataSet: 0ec00bfc230d7450997b60c127afdd0b9f24f3b6
  FLKAutoLayout: 9db6b30c2008d230da608e62c607b11c23b942e6
  FontAwesomeKit: 64759fb28b5d2e74a1bd81553d7c11ca10e32179
  GCDWebServer: 76a9540371d5f12f850b32ec7f555dd2d266e543
  JRNLocalNotificationCenter: 1cf072a5e742a84a234b6f316e4bb2a6f64a1c3f
  Mantle: 1912395033f601de5adc8ee91e48f46e4c7051ad
  MNTPullToReact: 903aadb4deb2706fcc4823e78052b5a3e8ca235f
  NPAudioStream: f1c555c7022abe032c87311914c19b725b59de63
  NXOAuth2Client: 492f961d549c411b344cfae861de0dc63b176edc
  OHAttributedLabel: 9b2eb99323dee6b3a81ef3bc8e98b084117bca2d
  OrigamiEngine: b8208cbd9142d6194807a5f5bc0c6ffd363e0374
  ReactiveCocoa: e2db045570aa97c695e7aa97c2bcab222ae51f4a
  SVProgressHUD: b0830714205bea1317ea1a2ebc71e5633af334d4
  YapDatabase: 00e5a5d1b5dba1bd540ef644576233b5612e6122

PODFILE CHECKSUM: 75ddbbb80513caf2230987ef1411b74749ba6e4b

COCOAPODS: 1.0.0
