PODS:
  - AFNetworking (2.6.3):
    - AFNetworking/NSURLConnection (= 2.6.3)
    - AFNetworking/NSURLSession (= 2.6.3)
    - AFNetworking/Reachability (= 2.6.3)
    - AFNetworking/Security (= 2.6.3)
    - AFNetworking/Serialization (= 2.6.3)
    - AFNetworking/UIKit (= 2.6.3)
  - AFNetworking/NSURLConnection (2.6.3):
    - AFNetworking/Reachability
    - AFNetworking/Security
    - AFNetworking/Serialization
  - AFNetworking/NSURLSession (2.6.3):
    - AFNetworking/Reachability
    - AFNetworking/Security
    - AFNetworking/Serialization
  - AFNetworking/Reachability (2.6.3)
  - AFNetworking/Security (2.6.3)
  - AFNetworking/Serialization (2.6.3)
  - AFNetworking/UIKit (2.6.3):
    - AFNetworking/NSURLConnection
    - AFNetworking/NSURLSession
  - Block-KVO (2.2.3)
  - ChameleonFramework (2.0.4):
    - ChameleonFramework/Default (= 2.0.4)
  - ChameleonFramework/Default (2.0.4)
  - CocoaLumberjack (2.2.0):
    - CocoaLumberjack/Default (= 2.2.0)
    - CocoaLumberjack/Extensions (= 2.2.0)
  - CocoaLumberjack/Core (2.2.0)
  - CocoaLumberjack/Default (2.2.0):
    - CocoaLumberjack/Core
  - CocoaLumberjack/Extensions (2.2.0):
    - CocoaLumberjack/Default
  - CocoaSoundCloudAPI (1.0.2):
    - NXOAuth2Client (= 1.2.2)
  - CocoaSoundCloudUI (1.0.9):
    - CocoaSoundCloudAPI (~> 1.0.2)
    - OHAttributedLabel
  - DLImageLoader (2.2.0)
  - DZNEmptyDataSet (1.7.2)
  - FLKAutoLayout (0.2.1)
  - FontAwesomeKit (2.1.8):
    - FontAwesomeKit/Core (= 2.1.8)
    - FontAwesomeKit/FontAwesome (= 2.1.8)
    - FontAwesomeKit/FoundationIcons (= 2.1.8)
    - FontAwesomeKit/IonIcons (= 2.1.8)
    - FontAwesomeKit/Zocial (= 2.1.8)
  - FontAwesomeKit/Core (2.1.8)
  - FontAwesomeKit/FontAwesome (2.1.8):
    - FontAwesomeKit/Core
  - FontAwesomeKit/FoundationIcons (2.1.8):
    - FontAwesomeKit/Core
  - FontAwesomeKit/IonIcons (2.1.8):
    - FontAwesomeKit/Core
  - FontAwesomeKit/Zocial (2.1.8):
    - FontAwesomeKit/Core
  - FreeStreamer (3.5.8):
    - Reachability (~> 3.0)
  - GCDWebServer/Core (3.2.7)
  - GCDWebServer/WebUploader (3.2.7):
    - GCDWebServer/Core
  - JRNLocalNotificationCenter (0.0.3)
  - Mantle (2.0.5):
    - Mantle/extobjc (= 2.0.5)
  - Mantle/extobjc (2.0.5)
  - MCSwipeTableViewCell (2.1.4)
  - MJRefresh (3.1.0)
  - MNTPullToReact (1.0.2)
  - NPAudioStream (0.1.7)
  - NXOAuth2Client (1.2.2)
  - OHAttributedLabel (3.5.5)
  - OrigamiEngine (1.0.14):
    - OrigamiEngine/Core (= 1.0.14)
  - OrigamiEngine/Core (1.0.14)
  - OrigamiEngine/Flac (1.0.14):
    - OrigamiEngine/Core
  - OrigamiEngine/Opus (1.0.14):
    - OrigamiEngine/Core
  - Reachability (3.2)
  - ReactiveCocoa (2.5):
    - ReactiveCocoa/UI (= 2.5)
  - ReactiveCocoa/Core (2.5):
    - ReactiveCocoa/no-arc
  - ReactiveCocoa/no-arc (2.5)
  - ReactiveCocoa/UI (2.5):
    - ReactiveCocoa/Core
  - RMPZoomTransitionAnimator (1.0.2)
  - SCSiriWaveformView (1.0.3)
  - SVProgressHUD (2.0.3)
  - TransitionKit (2.2.1)
  - YapDatabase (2.7.6):
    - YapDatabase/standard (= 2.7.6)
  - YapDatabase/standard (2.7.6):
    - CocoaLumberjack (~> 2)
  - YSLTransitionAnimator (0.0.2)

DEPENDENCIES:
  - AFNetworking
  - Block-KVO (from `https://github.com/Tricertops/Block-KVO.git`)
  - ChameleonFramework
  - CocoaSoundCloudAPI
  - CocoaSoundCloudUI
  - DLImageLoader
  - DZNEmptyDataSet
  - FLKAutoLayout
  - FontAwesomeKit (~> 2.1.0)
  - FreeStreamer
  - GCDWebServer/WebUploader
  - JRNLocalNotificationCenter
  - Mantle
  - MCSwipeTableViewCell
  - MJRefresh
  - MNTPullToReact (~> 1.0)
  - NPAudioStream (from `https://github.com/darkcl/NPAudioStream.git`)
  - OrigamiEngine (from `https://github.com/darkcl/OrigamiEngine.git`)
  - OrigamiEngine/Flac (from `https://github.com/darkcl/OrigamiEngine.git`)
  - OrigamiEngine/Opus (from `https://github.com/darkcl/OrigamiEngine.git`)
  - ReactiveCocoa
  - RMPZoomTransitionAnimator
  - SCSiriWaveformView (from `https://github.com/darkcl/SCSiriWaveformView.git`)
  - SVProgressHUD
  - TransitionKit
  - YapDatabase
  - YSLTransitionAnimator

EXTERNAL SOURCES:
  Block-KVO:
    :git: https://github.com/Tricertops/Block-KVO.git
  NPAudioStream:
    :git: https://github.com/darkcl/NPAudioStream.git
  OrigamiEngine:
    :git: https://github.com/darkcl/OrigamiEngine.git
  SCSiriWaveformView:
    :git: https://github.com/darkcl/SCSiriWaveformView.git

CHECKOUT OPTIONS:
  Block-KVO:
    :commit: b74bb98bf84a8a66f1ff81e31647c1778195f89f
    :git: https://github.com/Tricertops/Block-KVO.git
  NPAudioStream:
    :commit: f8219854284bf3926e423d624c1ef3e6d295ac3f
    :git: https://github.com/darkcl/NPAudioStream.git
  OrigamiEngine:
    :commit: 1633d5a53bf18493696ce9a78477d5119fcc4059
    :git: https://github.com/darkcl/OrigamiEngine.git
  SCSiriWaveformView:
    :commit: e35f61a0aec8f6f3881e0f322923b127098e9d6b
    :git: https://github.com/darkcl/SCSiriWaveformView.git

SPEC CHECKSUMS:
  AFNetworking: cb8d14a848e831097108418f5d49217339d4eb60
  Block-KVO: 20d6d9b266d669326fafde3659be7ed33dd425b5
  ChameleonFramework: 5abe69b1f2a6cc79c3c435fcd9d3d855748225ee
  CocoaLumberjack: 17fe8581f84914d5d7e6360f7c70022b173c3ae0
  CocoaSoundCloudAPI: bef452c90f3a3af6de41a620d7d156d716d68f79
  CocoaSoundCloudUI: f5aed254f432bc68a5a3570b74cdd6d18ce7b037
  DLImageLoader: a1b96c95744a8d0ebd9a39d7194774b0c4f59b03
  DZNEmptyDataSet: 0ec00bfc230d7450997b60c127afdd0b9f24f3b6
  FLKAutoLayout: 9db6b30c2008d230da608e62c607b11c23b942e6
  FontAwesomeKit: 64759fb28b5d2e74a1bd81553d7c11ca10e32179
  FreeStreamer: 61471ef4a1934c67de7ec152adb91ca8fff8318f
  GCDWebServer: 76a9540371d5f12f850b32ec7f555dd2d266e543
  JRNLocalNotificationCenter: 1cf072a5e742a84a234b6f316e4bb2a6f64a1c3f
  Mantle: 1912395033f601de5adc8ee91e48f46e4c7051ad
  MCSwipeTableViewCell: 1b303e16c3a26b1982f3a68386e9b8c5fc8344c3
  MJRefresh: 743e6404967d1c2c688472ea3ecfde247d872db4
  MNTPullToReact: 903aadb4deb2706fcc4823e78052b5a3e8ca235f
  NPAudioStream: f1c555c7022abe032c87311914c19b725b59de63
  NXOAuth2Client: 492f961d549c411b344cfae861de0dc63b176edc
  OHAttributedLabel: 9b2eb99323dee6b3a81ef3bc8e98b084117bca2d
  OrigamiEngine: b8208cbd9142d6194807a5f5bc0c6ffd363e0374
  Reachability: 33e18b67625424e47b6cde6d202dce689ad7af96
  ReactiveCocoa: e2db045570aa97c695e7aa97c2bcab222ae51f4a
  RMPZoomTransitionAnimator: fa1a0726e8e227069d9d63d30ef403aa12323960
  SCSiriWaveformView: b8b2756af42addcd31900c3945f24edafefb5395
  SVProgressHUD: b0830714205bea1317ea1a2ebc71e5633af334d4
  TransitionKit: 9ceccda4cd0cdc0a05ef85eb235e5a3292c3c250
  YapDatabase: 00e5a5d1b5dba1bd540ef644576233b5612e6122
  YSLTransitionAnimator: e5f0a2f253ea72b00a06c594c448e6b992f5630f

PODFILE CHECKSUM: d7e637268dae99ac2546e32123585046bbc3964c

COCOAPODS: 1.0.0
