// !$*UTF8*$!
{
	archiveVersion = 1;
	classes = {
	};
	objectVersion = 46;
	objects = {

/* Begin PBXBuildFile section */
		0E064CE51BF2FBD9002D2244 /* AVFoundation.framework in Frameworks */ = {isa = PBXBuildFile; fileRef = 0E064CE41BF2FBD9002D2244 /* AVFoundation.framework */; };
		0E2914931BF58306004AA529 /* NSData+WaveHubAddition.m in Sources */ = {isa = PBXBuildFile; fileRef = 0E2914921BF58306004AA529 /* NSData+WaveHubAddition.m */; };
		0E2914961BF58387004AA529 /* WHDatabaseManager.m in Sources */ = {isa = PBXBuildFile; fileRef = 0E2914951BF58387004AA529 /* WHDatabaseManager.m */; };
		0E2914A01BF96F3D004AA529 /* WHTrackModel.m in Sources */ = {isa = PBXBuildFile; fileRef = 0E29149F1BF96F3D004AA529 /* WHTrackModel.m */; };
		0E2914B71BF98339004AA529 /* UIViewController+WaveHubAddition.m in Sources */ = {isa = PBXBuildFile; fileRef = 0E2914B61BF98339004AA529 /* UIViewController+WaveHubAddition.m */; };
		0E296DAE1BF4A1F900ED3147 /* CueSheet+WaveHubAddition.m in Sources */ = {isa = PBXBuildFile; fileRef = 0E296DAD1BF4A1F900ED3147 /* CueSheet+WaveHubAddition.m */; };
		0E2B7E791BF445D2001B7A25 /* WHSoundManager.m in Sources */ = {isa = PBXBuildFile; fileRef = 0E2B7E781BF445D2001B7A25 /* WHSoundManager.m */; };
		0E2B7E7C1BF475BC001B7A25 /* WHApplication.m in Sources */ = {isa = PBXBuildFile; fileRef = 0E2B7E7B1BF475BC001B7A25 /* WHApplication.m */; };
		0E44F8671BEB4DD400F8571D /* WHWebrequestManager.m in Sources */ = {isa = PBXBuildFile; fileRef = 0E44F8661BEB4DD400F8571D /* WHWebrequestManager.m */; };
		0EC527FE1C3A236500EC87C1 /* WHPlaylistModel.m in Sources */ = {isa = PBXBuildFile; fileRef = 0EC527FD1C3A236500EC87C1 /* WHPlaylistModel.m */; };
		0ED9AF941D406DDB00B47E3D /* FSAudioStream+WaveHubAddition.m in Sources */ = {isa = PBXBuildFile; fileRef = 0ED9AF931D406DDB00B47E3D /* FSAudioStream+WaveHubAddition.m */; };
		0ED9AF9A1D407BF700B47E3D /* LNPopupController.framework in Frameworks */ = {isa = PBXBuildFile; fileRef = 0ED9AF991D407BF700B47E3D /* LNPopupController.framework */; };
		0EEE6B0A1D3886A800068BFE /* MusicDetailViewController.m in Sources */ = {isa = PBXBuildFile; fileRef = 0EEE6B081D3886A800068BFE /* MusicDetailViewController.m */; };
		0EEE6B0B1D3886A800068BFE /* MusicDetailViewController.xib in Resources */ = {isa = PBXBuildFile; fileRef = 0EEE6B091D3886A800068BFE /* MusicDetailViewController.xib */; };
		1A44E872A0401F9F6EC5084C /* main.m in Sources */ = {isa = PBXBuildFile; fileRef = 7535691D532C79453A972784 /* main.m */; };
		6C5DC8333D90F8BAC26108B1 /* Images.xcassets in Resources */ = {isa = PBXBuildFile; fileRef = 450213D723237E9D8191F6EF /* Images.xcassets */; };
		741055B81D37DC190092BA43 /* Montserrat-Bold.ttf in Resources */ = {isa = PBXBuildFile; fileRef = 742B73561D37D3A400837D74 /* Montserrat-Bold.ttf */; };
		741055B91D37DC1C0092BA43 /* Montserrat-Regular.ttf in Resources */ = {isa = PBXBuildFile; fileRef = 742B73571D37D3A400837D74 /* Montserrat-Regular.ttf */; };
		741055BC1D37F45B0092BA43 /* NSLayoutConstraint+Multiplier.m in Sources */ = {isa = PBXBuildFile; fileRef = 741055BB1D37F45B0092BA43 /* NSLayoutConstraint+Multiplier.m */; };
		742B73501D3560C800837D74 /* RootViewController.m in Sources */ = {isa = PBXBuildFile; fileRef = 742B734E1D3560C800837D74 /* RootViewController.m */; };
		742B73511D3560C800837D74 /* RootViewController.xib in Resources */ = {isa = PBXBuildFile; fileRef = 742B734F1D3560C800837D74 /* RootViewController.xib */; };
		742B735D1D37D44800837D74 /* MusicTableViewCell.m in Sources */ = {isa = PBXBuildFile; fileRef = 742B735B1D37D44800837D74 /* MusicTableViewCell.m */; };
		742B735E1D37D44800837D74 /* MusicTableViewCell.xib in Resources */ = {isa = PBXBuildFile; fileRef = 742B735C1D37D44800837D74 /* MusicTableViewCell.xib */; };
		74333DAC1D3E8E7500DDAB29 /* PlaceholderTableViewCell.m in Sources */ = {isa = PBXBuildFile; fileRef = 74333DAA1D3E8E7500DDAB29 /* PlaceholderTableViewCell.m */; };
		74333DAD1D3E8E7500DDAB29 /* PlaceholderTableViewCell.xib in Resources */ = {isa = PBXBuildFile; fileRef = 74333DAB1D3E8E7500DDAB29 /* PlaceholderTableViewCell.xib */; };
		7475A5FE1BF4F9B600100498 /* MediaToolbox.framework in Frameworks */ = {isa = PBXBuildFile; fileRef = 7475A5FD1BF4F9B600100498 /* MediaToolbox.framework */; };
		74F235A61D3B61D8005E872B /* UIImage+WaveHubAddition.m in Sources */ = {isa = PBXBuildFile; fileRef = 74F235A51D3B61D8005E872B /* UIImage+WaveHubAddition.m */; };
		74F235A91D3B8329005E872B /* WHSoundCloudUser.m in Sources */ = {isa = PBXBuildFile; fileRef = 74F235A81D3B8329005E872B /* WHSoundCloudUser.m */; };
		74F235AD1D3B8536005E872B /* UserProfileViewController.m in Sources */ = {isa = PBXBuildFile; fileRef = 74F235AB1D3B8536005E872B /* UserProfileViewController.m */; };
		74F235AE1D3B8536005E872B /* UserProfileViewController.xib in Resources */ = {isa = PBXBuildFile; fileRef = 74F235AC1D3B8536005E872B /* UserProfileViewController.xib */; };
		C4F64ECA2A55365875E190E6 /* Foundation.framework in Frameworks */ = {isa = PBXBuildFile; fileRef = B0FF2CBA0859ED2691E65FF5 /* Foundation.framework */; };
		EA1D28C0C6A5011119F82B73 /* LaunchScreen.xib in Sources */ = {isa = PBXBuildFile; fileRef = E85B4BE7428A28FDA5A26607 /* LaunchScreen.xib */; };
		F8A560A340ED7920227E1490 /* Settings.bundle in Resources */ = {isa = PBXBuildFile; fileRef = DEC77C216DD81033353F5511 /* Settings.bundle */; };
		F9272AE40B26984E04F01944 /* WHAppDelegate.m in Sources */ = {isa = PBXBuildFile; fileRef = 241B6531260B64A07C64DCF3 /* WHAppDelegate.m */; };
		FE77E4182A70D6332786919E /* libPods-Wave Hub.a in Frameworks */ = {isa = PBXBuildFile; fileRef = 1A2423513AE8E3888A810A5F /* libPods-Wave Hub.a */; };
/* End PBXBuildFile section */

/* Begin PBXContainerItemProxy section */
		FEDE10BF6F757DD0AFCB37DA /* PBXContainerItemProxy */ = {
			isa = PBXContainerItemProxy;
			containerPortal = 3839A74F2E8E934D53C31C96 /* Project object */;
			proxyType = 1;
			remoteGlobalIDString = FBB4F1253763E2CDB498808A;
			remoteInfo = "Wave Hub";
		};
/* End PBXContainerItemProxy section */

/* Begin PBXFileReference section */
		0E064CE41BF2FBD9002D2244 /* AVFoundation.framework */ = {isa = PBXFileReference; lastKnownFileType = wrapper.framework; name = AVFoundation.framework; path = System/Library/Frameworks/AVFoundation.framework; sourceTree = SDKROOT; };
		0E2914911BF58306004AA529 /* NSData+WaveHubAddition.h */ = {isa = PBXFileReference; fileEncoding = 4; lastKnownFileType = sourcecode.c.h; path = "NSData+WaveHubAddition.h"; sourceTree = "<group>"; };
		0E2914921BF58306004AA529 /* NSData+WaveHubAddition.m */ = {isa = PBXFileReference; fileEncoding = 4; lastKnownFileType = sourcecode.c.objc; path = "NSData+WaveHubAddition.m"; sourceTree = "<group>"; };
		0E2914941BF58387004AA529 /* WHDatabaseManager.h */ = {isa = PBXFileReference; fileEncoding = 4; lastKnownFileType = sourcecode.c.h; name = WHDatabaseManager.h; path = ../Models/WHDatabaseManager.h; sourceTree = "<group>"; };
		0E2914951BF58387004AA529 /* WHDatabaseManager.m */ = {isa = PBXFileReference; fileEncoding = 4; lastKnownFileType = sourcecode.c.objc; name = WHDatabaseManager.m; path = ../Models/WHDatabaseManager.m; sourceTree = "<group>"; };
		0E29149E1BF96F3D004AA529 /* WHTrackModel.h */ = {isa = PBXFileReference; fileEncoding = 4; lastKnownFileType = sourcecode.c.h; path = WHTrackModel.h; sourceTree = "<group>"; };
		0E29149F1BF96F3D004AA529 /* WHTrackModel.m */ = {isa = PBXFileReference; fileEncoding = 4; lastKnownFileType = sourcecode.c.objc; path = WHTrackModel.m; sourceTree = "<group>"; };
		0E2914B51BF98339004AA529 /* UIViewController+WaveHubAddition.h */ = {isa = PBXFileReference; fileEncoding = 4; lastKnownFileType = sourcecode.c.h; path = "UIViewController+WaveHubAddition.h"; sourceTree = "<group>"; };
		0E2914B61BF98339004AA529 /* UIViewController+WaveHubAddition.m */ = {isa = PBXFileReference; fileEncoding = 4; lastKnownFileType = sourcecode.c.objc; path = "UIViewController+WaveHubAddition.m"; sourceTree = "<group>"; };
		0E296DAC1BF4A1F900ED3147 /* CueSheet+WaveHubAddition.h */ = {isa = PBXFileReference; fileEncoding = 4; lastKnownFileType = sourcecode.c.h; path = "CueSheet+WaveHubAddition.h"; sourceTree = "<group>"; };
		0E296DAD1BF4A1F900ED3147 /* CueSheet+WaveHubAddition.m */ = {isa = PBXFileReference; fileEncoding = 4; lastKnownFileType = sourcecode.c.objc; path = "CueSheet+WaveHubAddition.m"; sourceTree = "<group>"; };
		0E2B7E771BF445D2001B7A25 /* WHSoundManager.h */ = {isa = PBXFileReference; fileEncoding = 4; lastKnownFileType = sourcecode.c.h; name = WHSoundManager.h; path = ../Models/WHSoundManager.h; sourceTree = "<group>"; };
		0E2B7E781BF445D2001B7A25 /* WHSoundManager.m */ = {isa = PBXFileReference; fileEncoding = 4; lastKnownFileType = sourcecode.c.objc; name = WHSoundManager.m; path = ../Models/WHSoundManager.m; sourceTree = "<group>"; };
		0E2B7E7A1BF475BC001B7A25 /* WHApplication.h */ = {isa = PBXFileReference; fileEncoding = 4; lastKnownFileType = sourcecode.c.h; path = WHApplication.h; sourceTree = "<group>"; };
		0E2B7E7B1BF475BC001B7A25 /* WHApplication.m */ = {isa = PBXFileReference; fileEncoding = 4; lastKnownFileType = sourcecode.c.objc; path = WHApplication.m; sourceTree = "<group>"; };
		0E44F8651BEB4DD400F8571D /* WHWebrequestManager.h */ = {isa = PBXFileReference; fileEncoding = 4; lastKnownFileType = sourcecode.c.h; name = WHWebrequestManager.h; path = ../Models/WHWebrequestManager.h; sourceTree = "<group>"; };
		0E44F8661BEB4DD400F8571D /* WHWebrequestManager.m */ = {isa = PBXFileReference; fileEncoding = 4; lastKnownFileType = sourcecode.c.objc; name = WHWebrequestManager.m; path = ../Models/WHWebrequestManager.m; sourceTree = "<group>"; };
		0EC527FC1C3A236500EC87C1 /* WHPlaylistModel.h */ = {isa = PBXFileReference; fileEncoding = 4; lastKnownFileType = sourcecode.c.h; path = WHPlaylistModel.h; sourceTree = "<group>"; };
		0EC527FD1C3A236500EC87C1 /* WHPlaylistModel.m */ = {isa = PBXFileReference; fileEncoding = 4; lastKnownFileType = sourcecode.c.objc; path = WHPlaylistModel.m; sourceTree = "<group>"; };
		0ED9AF921D406DDB00B47E3D /* FSAudioStream+WaveHubAddition.h */ = {isa = PBXFileReference; fileEncoding = 4; lastKnownFileType = sourcecode.c.h; path = "FSAudioStream+WaveHubAddition.h"; sourceTree = "<group>"; };
		0ED9AF931D406DDB00B47E3D /* FSAudioStream+WaveHubAddition.m */ = {isa = PBXFileReference; fileEncoding = 4; lastKnownFileType = sourcecode.c.objc; path = "FSAudioStream+WaveHubAddition.m"; sourceTree = "<group>"; };
		0ED9AF991D407BF700B47E3D /* LNPopupController.framework */ = {isa = PBXFileReference; lastKnownFileType = wrapper.framework; name = LNPopupController.framework; path = Carthage/Build/iOS/LNPopupController.framework; sourceTree = "<group>"; };
		0EEE6B071D3886A800068BFE /* MusicDetailViewController.h */ = {isa = PBXFileReference; fileEncoding = 4; lastKnownFileType = sourcecode.c.h; path = MusicDetailViewController.h; sourceTree = "<group>"; };
		0EEE6B081D3886A800068BFE /* MusicDetailViewController.m */ = {isa = PBXFileReference; fileEncoding = 4; lastKnownFileType = sourcecode.c.objc; path = MusicDetailViewController.m; sourceTree = "<group>"; };
		0EEE6B091D3886A800068BFE /* MusicDetailViewController.xib */ = {isa = PBXFileReference; fileEncoding = 4; lastKnownFileType = file.xib; path = MusicDetailViewController.xib; sourceTree = "<group>"; };
		0EF549251C3B692D00A111E1 /* WHFavouriteDelegate.h */ = {isa = PBXFileReference; fileEncoding = 4; lastKnownFileType = sourcecode.c.h; path = WHFavouriteDelegate.h; sourceTree = "<group>"; };
		1A2423513AE8E3888A810A5F /* libPods-Wave Hub.a */ = {isa = PBXFileReference; explicitFileType = archive.ar; includeInIndex = 0; path = "libPods-Wave Hub.a"; sourceTree = BUILT_PRODUCTS_DIR; };
		241B6531260B64A07C64DCF3 /* WHAppDelegate.m */ = {isa = PBXFileReference; includeInIndex = 1; lastKnownFileType = sourcecode.c.objc; path = WHAppDelegate.m; sourceTree = "<group>"; };
		450213D723237E9D8191F6EF /* Images.xcassets */ = {isa = PBXFileReference; includeInIndex = 1; lastKnownFileType = folder.assetcatalog; path = Images.xcassets; sourceTree = "<group>"; };
		48D54F111D4774526C3EF083 /* Pods-Wave Hub.debug.xcconfig */ = {isa = PBXFileReference; includeInIndex = 1; lastKnownFileType = text.xcconfig; name = "Pods-Wave Hub.debug.xcconfig"; path = "Pods/Target Support Files/Pods-Wave Hub/Pods-Wave Hub.debug.xcconfig"; sourceTree = "<group>"; };
		6C0AE585EC62527A7EF19A9D /* UnitTests-Info.plist */ = {isa = PBXFileReference; includeInIndex = 1; lastKnownFileType = text.plist.xml; path = "UnitTests-Info.plist"; sourceTree = "<group>"; };
		741055BA1D37F45B0092BA43 /* NSLayoutConstraint+Multiplier.h */ = {isa = PBXFileReference; fileEncoding = 4; lastKnownFileType = sourcecode.c.h; path = "NSLayoutConstraint+Multiplier.h"; sourceTree = "<group>"; };
		741055BB1D37F45B0092BA43 /* NSLayoutConstraint+Multiplier.m */ = {isa = PBXFileReference; fileEncoding = 4; lastKnownFileType = sourcecode.c.objc; path = "NSLayoutConstraint+Multiplier.m"; sourceTree = "<group>"; };
		742B734D1D3560C800837D74 /* RootViewController.h */ = {isa = PBXFileReference; fileEncoding = 4; lastKnownFileType = sourcecode.c.h; path = RootViewController.h; sourceTree = "<group>"; };
		742B734E1D3560C800837D74 /* RootViewController.m */ = {isa = PBXFileReference; fileEncoding = 4; lastKnownFileType = sourcecode.c.objc; path = RootViewController.m; sourceTree = "<group>"; };
		742B734F1D3560C800837D74 /* RootViewController.xib */ = {isa = PBXFileReference; fileEncoding = 4; lastKnownFileType = file.xib; path = RootViewController.xib; sourceTree = "<group>"; };
		742B73561D37D3A400837D74 /* Montserrat-Bold.ttf */ = {isa = PBXFileReference; lastKnownFileType = file; path = "Montserrat-Bold.ttf"; sourceTree = "<group>"; };
		742B73571D37D3A400837D74 /* Montserrat-Regular.ttf */ = {isa = PBXFileReference; lastKnownFileType = file; path = "Montserrat-Regular.ttf"; sourceTree = "<group>"; };
		742B735A1D37D44800837D74 /* MusicTableViewCell.h */ = {isa = PBXFileReference; fileEncoding = 4; lastKnownFileType = sourcecode.c.h; path = MusicTableViewCell.h; sourceTree = "<group>"; };
		742B735B1D37D44800837D74 /* MusicTableViewCell.m */ = {isa = PBXFileReference; fileEncoding = 4; lastKnownFileType = sourcecode.c.objc; path = MusicTableViewCell.m; sourceTree = "<group>"; };
		742B735C1D37D44800837D74 /* MusicTableViewCell.xib */ = {isa = PBXFileReference; fileEncoding = 4; lastKnownFileType = file.xib; path = MusicTableViewCell.xib; sourceTree = "<group>"; };
		74333DA91D3E8E7500DDAB29 /* PlaceholderTableViewCell.h */ = {isa = PBXFileReference; fileEncoding = 4; lastKnownFileType = sourcecode.c.h; path = PlaceholderTableViewCell.h; sourceTree = "<group>"; };
		74333DAA1D3E8E7500DDAB29 /* PlaceholderTableViewCell.m */ = {isa = PBXFileReference; fileEncoding = 4; lastKnownFileType = sourcecode.c.objc; path = PlaceholderTableViewCell.m; sourceTree = "<group>"; };
		74333DAB1D3E8E7500DDAB29 /* PlaceholderTableViewCell.xib */ = {isa = PBXFileReference; fileEncoding = 4; lastKnownFileType = file.xib; path = PlaceholderTableViewCell.xib; sourceTree = "<group>"; };
		7475A5FD1BF4F9B600100498 /* MediaToolbox.framework */ = {isa = PBXFileReference; lastKnownFileType = wrapper.framework; name = MediaToolbox.framework; path = System/Library/Frameworks/MediaToolbox.framework; sourceTree = SDKROOT; };
		749A7F301D3E94D800114449 /* WHConstant.h */ = {isa = PBXFileReference; fileEncoding = 4; lastKnownFileType = sourcecode.c.h; path = WHConstant.h; sourceTree = "<group>"; };
		74F235A41D3B61D8005E872B /* UIImage+WaveHubAddition.h */ = {isa = PBXFileReference; fileEncoding = 4; lastKnownFileType = sourcecode.c.h; path = "UIImage+WaveHubAddition.h"; sourceTree = "<group>"; };
		74F235A51D3B61D8005E872B /* UIImage+WaveHubAddition.m */ = {isa = PBXFileReference; fileEncoding = 4; lastKnownFileType = sourcecode.c.objc; path = "UIImage+WaveHubAddition.m"; sourceTree = "<group>"; };
		74F235A71D3B8329005E872B /* WHSoundCloudUser.h */ = {isa = PBXFileReference; fileEncoding = 4; lastKnownFileType = sourcecode.c.h; path = WHSoundCloudUser.h; sourceTree = "<group>"; };
		74F235A81D3B8329005E872B /* WHSoundCloudUser.m */ = {isa = PBXFileReference; fileEncoding = 4; lastKnownFileType = sourcecode.c.objc; path = WHSoundCloudUser.m; sourceTree = "<group>"; };
		74F235AA1D3B8536005E872B /* UserProfileViewController.h */ = {isa = PBXFileReference; fileEncoding = 4; lastKnownFileType = sourcecode.c.h; path = UserProfileViewController.h; sourceTree = "<group>"; };
		74F235AB1D3B8536005E872B /* UserProfileViewController.m */ = {isa = PBXFileReference; fileEncoding = 4; lastKnownFileType = sourcecode.c.objc; path = UserProfileViewController.m; sourceTree = "<group>"; };
		74F235AC1D3B8536005E872B /* UserProfileViewController.xib */ = {isa = PBXFileReference; fileEncoding = 4; lastKnownFileType = file.xib; path = UserProfileViewController.xib; sourceTree = "<group>"; };
		7535691D532C79453A972784 /* main.m */ = {isa = PBXFileReference; includeInIndex = 1; lastKnownFileType = sourcecode.c.objc; path = main.m; sourceTree = "<group>"; };
		781D2B8E9A1F36A0D4E8AF0E /* WHAppDelegate.h */ = {isa = PBXFileReference; includeInIndex = 1; lastKnownFileType = sourcecode.c.h; path = WHAppDelegate.h; sourceTree = "<group>"; };
		882868ECE8B2451BAF02C497 /* Pods-Wave Hub.release.xcconfig */ = {isa = PBXFileReference; includeInIndex = 1; lastKnownFileType = text.xcconfig; name = "Pods-Wave Hub.release.xcconfig"; path = "Pods/Target Support Files/Pods-Wave Hub/Pods-Wave Hub.release.xcconfig"; sourceTree = "<group>"; };
		90FCF8C4B6CA595E3FD6BFD3 /* Info.plist */ = {isa = PBXFileReference; includeInIndex = 1; lastKnownFileType = text.plist.xml; path = Info.plist; sourceTree = "<group>"; };
		B0FF2CBA0859ED2691E65FF5 /* Foundation.framework */ = {isa = PBXFileReference; lastKnownFileType = wrapper.framework; name = Foundation.framework; path = Platforms/iPhoneOS.platform/Developer/SDKs/iPhoneOS7.1.sdk/System/Library/Frameworks/Foundation.framework; sourceTree = DEVELOPER_DIR; };
		B7ACDBAC3CF1439A84F9FD9C /* UnitTests-Prefix.pch */ = {isa = PBXFileReference; includeInIndex = 1; lastKnownFileType = sourcecode.c.h; path = "UnitTests-Prefix.pch"; sourceTree = "<group>"; };
		D267D2C6B176DB4BDE7EC0FE /* Wave Hub.app */ = {isa = PBXFileReference; explicitFileType = wrapper.application; includeInIndex = 0; path = "Wave Hub.app"; sourceTree = BUILT_PRODUCTS_DIR; };
		DEC77C216DD81033353F5511 /* Settings.bundle */ = {isa = PBXFileReference; includeInIndex = 1; lastKnownFileType = "wrapper.plug-in"; path = Settings.bundle; sourceTree = "<group>"; };
		DFDA417E07FC436481C222DE /* Wave Hub-Prefix.pch */ = {isa = PBXFileReference; includeInIndex = 1; lastKnownFileType = sourcecode.c.h; path = "Wave Hub-Prefix.pch"; sourceTree = "<group>"; };
		E85B4BE7428A28FDA5A26607 /* LaunchScreen.xib */ = {isa = PBXFileReference; includeInIndex = 1; lastKnownFileType = file.xib; path = LaunchScreen.xib; sourceTree = "<group>"; };
		FDAC66FBF22076C1587DD750 /* UnitTests.xctest */ = {isa = PBXFileReference; explicitFileType = wrapper.cfbundle; includeInIndex = 0; path = UnitTests.xctest; sourceTree = BUILT_PRODUCTS_DIR; };
/* End PBXFileReference section */

/* Begin PBXFrameworksBuildPhase section */
		432AED63A1AAA6026CD5B656 /* Frameworks */ = {
			isa = PBXFrameworksBuildPhase;
			buildActionMask = 2147483647;
			files = (
				7475A5FE1BF4F9B600100498 /* MediaToolbox.framework in Frameworks */,
				0E064CE51BF2FBD9002D2244 /* AVFoundation.framework in Frameworks */,
				0ED9AF9A1D407BF700B47E3D /* LNPopupController.framework in Frameworks */,
				C4F64ECA2A55365875E190E6 /* Foundation.framework in Frameworks */,
				FE77E4182A70D6332786919E /* libPods-Wave Hub.a in Frameworks */,
			);
			runOnlyForDeploymentPostprocessing = 0;
		};
		971D9433527D20DBD6F18282 /* Frameworks */ = {
			isa = PBXFrameworksBuildPhase;
			buildActionMask = 2147483647;
			files = (
			);
			runOnlyForDeploymentPostprocessing = 0;
		};
/* End PBXFrameworksBuildPhase section */

/* Begin PBXGroup section */
		0021EB394DE559B7903C4AEE /* ViewModels */ = {
			isa = PBXGroup;
			children = (
			);
			path = ViewModels;
			sourceTree = "<group>";
		};
		0ACDDC5CA697E246FC621548 /* Headers */ = {
			isa = PBXGroup;
			children = (
			);
			path = Headers;
			sourceTree = "<group>";
		};
		0EEE6B0C1D3886AC00068BFE /* Now Playing */ = {
			isa = PBXGroup;
			children = (
				0EEE6B071D3886A800068BFE /* MusicDetailViewController.h */,
				0EEE6B081D3886A800068BFE /* MusicDetailViewController.m */,
				0EEE6B091D3886A800068BFE /* MusicDetailViewController.xib */,
			);
			name = "Now Playing";
			sourceTree = "<group>";
		};
		155F34F450AAEF294FE1B03B /* Resources */ = {
			isa = PBXGroup;
			children = (
				742B73561D37D3A400837D74 /* Montserrat-Bold.ttf */,
				742B73571D37D3A400837D74 /* Montserrat-Regular.ttf */,
				450213D723237E9D8191F6EF /* Images.xcassets */,
				4E082CAC323912BD15C3CBAC /* Nibs */,
				2217E65619CBF89409D3E026 /* Other-Sources */,
				DEC77C216DD81033353F5511 /* Settings.bundle */,
			);
			path = Resources;
			sourceTree = "<group>";
		};
		1BCF981D92FCA82BCD5896BA /* UnitTests */ = {
			isa = PBXGroup;
			children = (
				396F03EAD12ACA63207D1C16 /* Resources */,
				A613706A8B4C2E3C5D80A705 /* Helpers */,
				1EBC0B184257B94EAE472A0D /* Tests */,
			);
			path = UnitTests;
			sourceTree = "<group>";
		};
		1E8CBC8F7C3F90E64799FC7B /* Views */ = {
			isa = PBXGroup;
			children = (
				742B73581D37D41F00837D74 /* Favourite */,
				0EEE6B0C1D3886AC00068BFE /* Now Playing */,
				74F235AF1D3B853A005E872B /* User Profile */,
			);
			path = Views;
			sourceTree = "<group>";
		};
		1EBC0B184257B94EAE472A0D /* Tests */ = {
			isa = PBXGroup;
			children = (
			);
			path = Tests;
			sourceTree = "<group>";
		};
		2217E65619CBF89409D3E026 /* Other-Sources */ = {
			isa = PBXGroup;
			children = (
				90FCF8C4B6CA595E3FD6BFD3 /* Info.plist */,
				DFDA417E07FC436481C222DE /* Wave Hub-Prefix.pch */,
				749A7F301D3E94D800114449 /* WHConstant.h */,
				7535691D532C79453A972784 /* main.m */,
			);
			path = "Other-Sources";
			sourceTree = "<group>";
		};
		2F69A4BE35D1B8F4B0E05306 /* iOS */ = {
			isa = PBXGroup;
			children = (
				B0FF2CBA0859ED2691E65FF5 /* Foundation.framework */,
			);
			name = iOS;
			sourceTree = "<group>";
		};
		396F03EAD12ACA63207D1C16 /* Resources */ = {
			isa = PBXGroup;
			children = (
				6C0AE585EC62527A7EF19A9D /* UnitTests-Info.plist */,
				B7ACDBAC3CF1439A84F9FD9C /* UnitTests-Prefix.pch */,
			);
			path = Resources;
			sourceTree = "<group>";
		};
		4E082CAC323912BD15C3CBAC /* Nibs */ = {
			isa = PBXGroup;
			children = (
				E85B4BE7428A28FDA5A26607 /* LaunchScreen.xib */,
			);
			path = Nibs;
			sourceTree = "<group>";
		};
		742B73581D37D41F00837D74 /* Favourite */ = {
			isa = PBXGroup;
			children = (
				742B73591D37D42C00837D74 /* Cell */,
				742B734D1D3560C800837D74 /* RootViewController.h */,
				742B734E1D3560C800837D74 /* RootViewController.m */,
				742B734F1D3560C800837D74 /* RootViewController.xib */,
			);
			name = Favourite;
			sourceTree = "<group>";
		};
		742B73591D37D42C00837D74 /* Cell */ = {
			isa = PBXGroup;
			children = (
				742B735A1D37D44800837D74 /* MusicTableViewCell.h */,
				742B735B1D37D44800837D74 /* MusicTableViewCell.m */,
				742B735C1D37D44800837D74 /* MusicTableViewCell.xib */,
				74333DA91D3E8E7500DDAB29 /* PlaceholderTableViewCell.h */,
				74333DAA1D3E8E7500DDAB29 /* PlaceholderTableViewCell.m */,
				74333DAB1D3E8E7500DDAB29 /* PlaceholderTableViewCell.xib */,
			);
			name = Cell;
			sourceTree = "<group>";
		};
		74F235AF1D3B853A005E872B /* User Profile */ = {
			isa = PBXGroup;
			children = (
				74F235AA1D3B8536005E872B /* UserProfileViewController.h */,
				74F235AB1D3B8536005E872B /* UserProfileViewController.m */,
				74F235AC1D3B8536005E872B /* UserProfileViewController.xib */,
			);
			name = "User Profile";
			sourceTree = "<group>";
		};
		9A6A2BBA288A8DC74B668219 /* Protocols */ = {
			isa = PBXGroup;
			children = (
				0EF549251C3B692D00A111E1 /* WHFavouriteDelegate.h */,
			);
			path = Protocols;
			sourceTree = "<group>";
		};
		A613706A8B4C2E3C5D80A705 /* Helpers */ = {
			isa = PBXGroup;
			children = (
			);
			path = Helpers;
			sourceTree = "<group>";
		};
		B5E749CE200B24C16FE17C03 /* Frameworks */ = {
			isa = PBXGroup;
			children = (
				0ED9AF991D407BF700B47E3D /* LNPopupController.framework */,
				7475A5FD1BF4F9B600100498 /* MediaToolbox.framework */,
				0E064CE41BF2FBD9002D2244 /* AVFoundation.framework */,
				2F69A4BE35D1B8F4B0E05306 /* iOS */,
				1A2423513AE8E3888A810A5F /* libPods-Wave Hub.a */,
			);
			name = Frameworks;
			sourceTree = "<group>";
		};
		B7FDA5198C65651C1AECF5BA /* Categories */ = {
			isa = PBXGroup;
			children = (
				0E296DAC1BF4A1F900ED3147 /* CueSheet+WaveHubAddition.h */,
				0E296DAD1BF4A1F900ED3147 /* CueSheet+WaveHubAddition.m */,
				0E2914911BF58306004AA529 /* NSData+WaveHubAddition.h */,
				0E2914921BF58306004AA529 /* NSData+WaveHubAddition.m */,
				0E2914B51BF98339004AA529 /* UIViewController+WaveHubAddition.h */,
				0E2914B61BF98339004AA529 /* UIViewController+WaveHubAddition.m */,
				741055BA1D37F45B0092BA43 /* NSLayoutConstraint+Multiplier.h */,
				741055BB1D37F45B0092BA43 /* NSLayoutConstraint+Multiplier.m */,
				74F235A41D3B61D8005E872B /* UIImage+WaveHubAddition.h */,
				74F235A51D3B61D8005E872B /* UIImage+WaveHubAddition.m */,
				0ED9AF921D406DDB00B47E3D /* FSAudioStream+WaveHubAddition.h */,
				0ED9AF931D406DDB00B47E3D /* FSAudioStream+WaveHubAddition.m */,
			);
			path = Categories;
			sourceTree = "<group>";
		};
		C0378A827E14424F6D9580F4 /* Controllers */ = {
			isa = PBXGroup;
			children = (
				0E44F8651BEB4DD400F8571D /* WHWebrequestManager.h */,
				0E44F8661BEB4DD400F8571D /* WHWebrequestManager.m */,
				0E2B7E771BF445D2001B7A25 /* WHSoundManager.h */,
				0E2B7E781BF445D2001B7A25 /* WHSoundManager.m */,
				0E2914941BF58387004AA529 /* WHDatabaseManager.h */,
				0E2914951BF58387004AA529 /* WHDatabaseManager.m */,
				781D2B8E9A1F36A0D4E8AF0E /* WHAppDelegate.h */,
				241B6531260B64A07C64DCF3 /* WHAppDelegate.m */,
				0E2B7E7A1BF475BC001B7A25 /* WHApplication.h */,
				0E2B7E7B1BF475BC001B7A25 /* WHApplication.m */,
			);
			path = Controllers;
			sourceTree = "<group>";
		};
		C98CD64752934F35E4A72330 /* Wave Hub */ = {
			isa = PBXGroup;
			children = (
				B7FDA5198C65651C1AECF5BA /* Categories */,
				9A6A2BBA288A8DC74B668219 /* Protocols */,
				0ACDDC5CA697E246FC621548 /* Headers */,
				DC4CFE12F9FE9D539C497C16 /* Models */,
				0021EB394DE559B7903C4AEE /* ViewModels */,
				C0378A827E14424F6D9580F4 /* Controllers */,
				1E8CBC8F7C3F90E64799FC7B /* Views */,
				155F34F450AAEF294FE1B03B /* Resources */,
			);
			path = "Wave Hub";
			sourceTree = "<group>";
		};
		D5812A25A011BF7339E23764 = {
			isa = PBXGroup;
			children = (
				C98CD64752934F35E4A72330 /* Wave Hub */,
				1BCF981D92FCA82BCD5896BA /* UnitTests */,
				B5E749CE200B24C16FE17C03 /* Frameworks */,
				E1FC21A07FC6FDB153FEE9E8 /* Products */,
				DCAA3C5E034CAF0C05F9F886 /* Pods */,
			);
			indentWidth = 4;
			sourceTree = "<group>";
			tabWidth = 4;
			usesTabs = 0;
		};
		DC4CFE12F9FE9D539C497C16 /* Models */ = {
			isa = PBXGroup;
			children = (
				0E29149E1BF96F3D004AA529 /* WHTrackModel.h */,
				0E29149F1BF96F3D004AA529 /* WHTrackModel.m */,
				0EC527FC1C3A236500EC87C1 /* WHPlaylistModel.h */,
				0EC527FD1C3A236500EC87C1 /* WHPlaylistModel.m */,
				74F235A71D3B8329005E872B /* WHSoundCloudUser.h */,
				74F235A81D3B8329005E872B /* WHSoundCloudUser.m */,
			);
			path = Models;
			sourceTree = "<group>";
		};
		DCAA3C5E034CAF0C05F9F886 /* Pods */ = {
			isa = PBXGroup;
			children = (
				882868ECE8B2451BAF02C497 /* Pods-Wave Hub.release.xcconfig */,
				48D54F111D4774526C3EF083 /* Pods-Wave Hub.debug.xcconfig */,
			);
			name = Pods;
			sourceTree = "<group>";
		};
		E1FC21A07FC6FDB153FEE9E8 /* Products */ = {
			isa = PBXGroup;
			children = (
				D267D2C6B176DB4BDE7EC0FE /* Wave Hub.app */,
				FDAC66FBF22076C1587DD750 /* UnitTests.xctest */,
			);
			name = Products;
			sourceTree = "<group>";
		};
/* End PBXGroup section */

/* Begin PBXNativeTarget section */
		AB2E72FFBF1DE1F10EFFFDB3 /* UnitTests */ = {
			isa = PBXNativeTarget;
			buildConfigurationList = 0AB5B0E0D476E8B8F0878156 /* Build configuration list for PBXNativeTarget "UnitTests" */;
			buildPhases = (
				CF6B9BDB724465640A2BB907 /* Sources */,
				971D9433527D20DBD6F18282 /* Frameworks */,
				65571681941D7DCA5E683F1C /* Resources */,
			);
			buildRules = (
			);
			dependencies = (
				30C54663ABAA43F35949884D /* PBXTargetDependency */,
			);
			name = UnitTests;
			productName = UnitTests;
			productReference = FDAC66FBF22076C1587DD750 /* UnitTests.xctest */;
			productType = "com.apple.product-type.bundle.unit-test";
		};
		FBB4F1253763E2CDB498808A /* Wave Hub */ = {
			isa = PBXNativeTarget;
			buildConfigurationList = 6F62ED2E12575E77861332A2 /* Build configuration list for PBXNativeTarget "Wave Hub" */;
			buildPhases = (
				66B12356BCA96F610A254D72 /* 📦 Check Pods Manifest.lock */,
				FD47D93BE1E2AFDAEEB3E9CE /* Sources */,
				432AED63A1AAA6026CD5B656 /* Frameworks */,
				287A64EB97E6BCD7530E8830 /* Resources */,
				7B8A4A9553B8436D3FE2A7B4 /* Warn for TODO and FIXME comments */,
				6D2EE5C3B0D33F7B2F4DCD0B /* Set version number */,
				A2159F7FD79EC156ACB94D30 /* 📦 Embed Pods Frameworks */,
				C6B89D1E85E2E966FA3D0B60 /* 📦 Copy Pods Resources */,
				0ED9AF981D407B8300B47E3D /* Carthage */,
			);
			buildRules = (
			);
			dependencies = (
			);
			name = "Wave Hub";
			productName = "Wave Hub";
			productReference = D267D2C6B176DB4BDE7EC0FE /* Wave Hub.app */;
			productType = "com.apple.product-type.application";
		};
/* End PBXNativeTarget section */

/* Begin PBXProject section */
		3839A74F2E8E934D53C31C96 /* Project object */ = {
			isa = PBXProject;
			attributes = {
				CLASSPREFIX = "";
				LastUpgradeCheck = 0800;
				ORGANIZATIONNAME = "Memory Leaks";
				TargetAttributes = {
					FBB4F1253763E2CDB498808A = {
						DevelopmentTeam = M56A72A6G5;
						SystemCapabilities = {
							com.apple.BackgroundModes = {
								enabled = 1;
							};
							com.apple.Push = {
								enabled = 1;
							};
						};
					};
				};
			};
			buildConfigurationList = 2A75D9C633E425B862B05F4D /* Build configuration list for PBXProject "Wave Hub" */;
			compatibilityVersion = "Xcode 3.2";
			developmentRegion = English;
			hasScannedForEncodings = 0;
			knownRegions = (
				en,
			);
			mainGroup = D5812A25A011BF7339E23764;
			productRefGroup = E1FC21A07FC6FDB153FEE9E8 /* Products */;
			projectDirPath = "";
			projectRoot = "";
			targets = (
				FBB4F1253763E2CDB498808A /* Wave Hub */,
				AB2E72FFBF1DE1F10EFFFDB3 /* UnitTests */,
			);
		};
/* End PBXProject section */

/* Begin PBXResourcesBuildPhase section */
		287A64EB97E6BCD7530E8830 /* Resources */ = {
			isa = PBXResourcesBuildPhase;
			buildActionMask = 2147483647;
			files = (
				741055B91D37DC1C0092BA43 /* Montserrat-Regular.ttf in Resources */,
				6C5DC8333D90F8BAC26108B1 /* Images.xcassets in Resources */,
				F8A560A340ED7920227E1490 /* Settings.bundle in Resources */,
				742B73511D3560C800837D74 /* RootViewController.xib in Resources */,
				742B735E1D37D44800837D74 /* MusicTableViewCell.xib in Resources */,
				74F235AE1D3B8536005E872B /* UserProfileViewController.xib in Resources */,
				74333DAD1D3E8E7500DDAB29 /* PlaceholderTableViewCell.xib in Resources */,
				0EEE6B0B1D3886A800068BFE /* MusicDetailViewController.xib in Resources */,
				741055B81D37DC190092BA43 /* Montserrat-Bold.ttf in Resources */,
			);
			runOnlyForDeploymentPostprocessing = 0;
		};
		65571681941D7DCA5E683F1C /* Resources */ = {
			isa = PBXResourcesBuildPhase;
			buildActionMask = 2147483647;
			files = (
			);
			runOnlyForDeploymentPostprocessing = 0;
		};
/* End PBXResourcesBuildPhase section */

/* Begin PBXShellScriptBuildPhase section */
		0ED9AF981D407B8300B47E3D /* Carthage */ = {
			isa = PBXShellScriptBuildPhase;
			buildActionMask = 2147483647;
			files = (
			);
			inputPaths = (
				"$(SRCROOT)/Carthage/Build/iOS/LNPopupController.framework",
			);
			name = Carthage;
			outputPaths = (
			);
			runOnlyForDeploymentPostprocessing = 0;
			shellPath = /bin/sh;
			shellScript = "/usr/local/bin/carthage copy-frameworks";
		};
		66B12356BCA96F610A254D72 /* 📦 Check Pods Manifest.lock */ = {
			isa = PBXShellScriptBuildPhase;
			buildActionMask = 2147483647;
			files = (
			);
			inputPaths = (
			);
			name = "📦 Check Pods Manifest.lock";
			outputPaths = (
			);
			runOnlyForDeploymentPostprocessing = 0;
			shellPath = /bin/sh;
			shellScript = "diff \"${PODS_ROOT}/../Podfile.lock\" \"${PODS_ROOT}/Manifest.lock\" > /dev/null\nif [[ $? != 0 ]] ; then\n    cat << EOM\nerror: The sandbox is not in sync with the Podfile.lock. Run 'pod install' or update your CocoaPods installation.\nEOM\n    exit 1\nfi\n";
			showEnvVarsInLog = 0;
		};
		6D2EE5C3B0D33F7B2F4DCD0B /* Set version number */ = {
			isa = PBXShellScriptBuildPhase;
			buildActionMask = 2147483647;
			files = (
			);
			inputPaths = (
			);
			name = "Set version number";
			outputPaths = (
			);
			runOnlyForDeploymentPostprocessing = 0;
			shellPath = /bin/sh;
			shellScript = "git=$(sh /etc/profile; which git)\ngit_release_version=$(\"$git\" describe --tags --always --abbrev=0)\nnumber_of_commits=$(\"$git\" rev-list master | wc -l | tr -d ' ')\ntarget_plist=\"$TARGET_BUILD_DIR/$INFOPLIST_PATH\"\ndsym_plist=\"$DWARF_DSYM_FOLDER_PATH/$DWARF_DSYM_FILE_NAME/Contents/Info.plist\"\n\nfor plist in \"$target_plist\" \"$dsym_plist\"; do\n  if [ -f \"$plist\" ]; then\n    /usr/libexec/PlistBuddy -c \"Set :CFBundleVersion $number_of_commits\" \"$plist\"\n    /usr/libexec/PlistBuddy -c \"Set :CFBundleShortVersionString ${git_release_version#*v}\" \"$plist\"\n  fi\ndone\n";
		};
		7B8A4A9553B8436D3FE2A7B4 /* Warn for TODO and FIXME comments */ = {
			isa = PBXShellScriptBuildPhase;
			buildActionMask = 2147483647;
			files = (
			);
			inputPaths = (
			);
			name = "Warn for TODO and FIXME comments";
			outputPaths = (
			);
			runOnlyForDeploymentPostprocessing = 0;
			shellPath = /bin/sh;
			shellScript = "KEYWORDS=\"TODO:|FIXME:|\\?\\?\\?:|\\!\\!\\!:\"\nFILE_EXTENSIONS=\"swift|h|m|mm|c|cpp\"\nfind -E \"${SRCROOT}\" -ipath \"${SRCROOT}/pods\" -prune -o \\( -regex \".*\\.($FILE_EXTENSIONS)$\" \\) -print0 | xargs -0 egrep --with-filename --line-number --only-matching \"($KEYWORDS).*\\$\" | perl -p -e \"s/($KEYWORDS)/ warning: \\$1/\"\n";
		};
		A2159F7FD79EC156ACB94D30 /* 📦 Embed Pods Frameworks */ = {
			isa = PBXShellScriptBuildPhase;
			buildActionMask = 2147483647;
			files = (
			);
			inputPaths = (
			);
			name = "📦 Embed Pods Frameworks";
			outputPaths = (
			);
			runOnlyForDeploymentPostprocessing = 0;
			shellPath = /bin/sh;
			shellScript = "\"${SRCROOT}/Pods/Target Support Files/Pods-Wave Hub/Pods-Wave Hub-frameworks.sh\"\n";
			showEnvVarsInLog = 0;
		};
		C6B89D1E85E2E966FA3D0B60 /* 📦 Copy Pods Resources */ = {
			isa = PBXShellScriptBuildPhase;
			buildActionMask = 2147483647;
			files = (
			);
			inputPaths = (
			);
			name = "📦 Copy Pods Resources";
			outputPaths = (
			);
			runOnlyForDeploymentPostprocessing = 0;
			shellPath = /bin/sh;
			shellScript = "\"${SRCROOT}/Pods/Target Support Files/Pods-Wave Hub/Pods-Wave Hub-resources.sh\"\n";
			showEnvVarsInLog = 0;
		};
/* End PBXShellScriptBuildPhase section */

/* Begin PBXSourcesBuildPhase section */
		CF6B9BDB724465640A2BB907 /* Sources */ = {
			isa = PBXSourcesBuildPhase;
			buildActionMask = 2147483647;
			files = (
			);
			runOnlyForDeploymentPostprocessing = 0;
		};
		FD47D93BE1E2AFDAEEB3E9CE /* Sources */ = {
			isa = PBXSourcesBuildPhase;
			buildActionMask = 2147483647;
			files = (
				742B73501D3560C800837D74 /* RootViewController.m in Sources */,
				0E2914B71BF98339004AA529 /* UIViewController+WaveHubAddition.m in Sources */,
				0E296DAE1BF4A1F900ED3147 /* CueSheet+WaveHubAddition.m in Sources */,
				F9272AE40B26984E04F01944 /* WHAppDelegate.m in Sources */,
				74F235A91D3B8329005E872B /* WHSoundCloudUser.m in Sources */,
				74F235AD1D3B8536005E872B /* UserProfileViewController.m in Sources */,
				EA1D28C0C6A5011119F82B73 /* LaunchScreen.xib in Sources */,
				0ED9AF941D406DDB00B47E3D /* FSAudioStream+WaveHubAddition.m in Sources */,
				0E2914931BF58306004AA529 /* NSData+WaveHubAddition.m in Sources */,
				74333DAC1D3E8E7500DDAB29 /* PlaceholderTableViewCell.m in Sources */,
				0EC527FE1C3A236500EC87C1 /* WHPlaylistModel.m in Sources */,
				0EEE6B0A1D3886A800068BFE /* MusicDetailViewController.m in Sources */,
				0E2914961BF58387004AA529 /* WHDatabaseManager.m in Sources */,
				741055BC1D37F45B0092BA43 /* NSLayoutConstraint+Multiplier.m in Sources */,
				0E2914A01BF96F3D004AA529 /* WHTrackModel.m in Sources */,
				0E2B7E791BF445D2001B7A25 /* WHSoundManager.m in Sources */,
				74F235A61D3B61D8005E872B /* UIImage+WaveHubAddition.m in Sources */,
				1A44E872A0401F9F6EC5084C /* main.m in Sources */,
				742B735D1D37D44800837D74 /* MusicTableViewCell.m in Sources */,
				0E2B7E7C1BF475BC001B7A25 /* WHApplication.m in Sources */,
				0E44F8671BEB4DD400F8571D /* WHWebrequestManager.m in Sources */,
			);
			runOnlyForDeploymentPostprocessing = 0;
		};
/* End PBXSourcesBuildPhase section */

/* Begin PBXTargetDependency section */
		30C54663ABAA43F35949884D /* PBXTargetDependency */ = {
			isa = PBXTargetDependency;
			target = FBB4F1253763E2CDB498808A /* Wave Hub */;
			targetProxy = FEDE10BF6F757DD0AFCB37DA /* PBXContainerItemProxy */;
		};
/* End PBXTargetDependency section */

/* Begin XCBuildConfiguration section */
		104889AE533E30BDAF1F473A /* Release */ = {
			isa = XCBuildConfiguration;
			baseConfigurationReference = 882868ECE8B2451BAF02C497 /* Pods-Wave Hub.release.xcconfig */;
			buildSettings = {
				ALWAYS_SEARCH_USER_PATHS = NO;
				CLANG_ENABLE_MODULES = NO;
				CLANG_MODULES_AUTOLINK = YES;
				CLANG_WARN_CONSTANT_CONVERSION = NO;
				CLANG_WARN_IMPLICIT_SIGN_CONVERSION = NO;
				CLANG_WARN_INT_CONVERSION = NO;
				CODE_SIGN_IDENTITY = "iPhone Developer";
				"CODE_SIGN_IDENTITY[sdk=iphoneos*]" = "iPhone Developer";
				COPY_PHASE_STRIP = YES;
				DSTROOT = /tmp/xcodeproj.dst;
				ENABLE_BITCODE = NO;
				FRAMEWORK_SEARCH_PATHS = (
					"$(inherited)",
					"$(PROJECT_DIR)",
					"$(PROJECT_DIR)/Carthage/Build/iOS",
				);
				GCC_PRECOMPILE_PREFIX_HEADER = YES;
				GCC_PREFIX_HEADER = "Wave Hub/Resources/Other-Sources/Wave Hub-Prefix.pch";
				GCC_TREAT_WARNINGS_AS_ERRORS = NO;
				GCC_WARN_64_TO_32_BIT_CONVERSION = NO;
				INFOPLIST_FILE = "Wave Hub/Resources/Other-Sources/Info.plist";
				INSTALL_PATH = "$(BUILT_PRODUCTS_DIR)";
				IPHONEOS_DEPLOYMENT_TARGET = 8.0;
				LD_RUNPATH_SEARCH_PATHS = "$(inherited) @executable_path/Frameworks";
				OTHER_CFLAGS = (
					"-DNS_BLOCK_ASSERTIONS=1",
					"$(inherited)",
				);
				OTHER_CPLUSPLUSFLAGS = (
					"-DNS_BLOCK_ASSERTIONS=1",
					"$(inherited)",
				);
				PRODUCT_BUNDLE_IDENTIFIER = "com.darkcl.Wave-Hub";
				PRODUCT_NAME = "$(TARGET_NAME)";
				PROVISIONING_PROFILE = "";
				PUBLIC_HEADERS_FOLDER_PATH = "$(TARGET_NAME)";
				SDKROOT = iphoneos;
				VALIDATE_PRODUCT = YES;
			};
			name = Release;
		};
		2D377486DD007382797C00F3 /* Release */ = {
			isa = XCBuildConfiguration;
			buildSettings = {
				ALWAYS_SEARCH_USER_PATHS = NO;
				ASSETCATALOG_COMPILER_APPICON_NAME = AppIcon;
				CLANG_CXX_LANGUAGE_STANDARD = "gnu++0x";
				CLANG_CXX_LIBRARY = "libc++";
				CLANG_ENABLE_MODULES = YES;
				CLANG_ENABLE_OBJC_ARC = YES;
				CLANG_WARN_BOOL_CONVERSION = YES;
				CLANG_WARN_CONSTANT_CONVERSION = YES;
				CLANG_WARN_DEPRECATED_OBJC_IMPLEMENTATIONS = YES;
				CLANG_WARN_DIRECT_OBJC_ISA_USAGE = YES;
				CLANG_WARN_EMPTY_BODY = YES;
				CLANG_WARN_ENUM_CONVERSION = YES;
				CLANG_WARN_IMPLICIT_SIGN_CONVERSION = YES;
				CLANG_WARN_INT_CONVERSION = YES;
				CLANG_WARN_OBJC_IMPLICIT_RETAIN_SELF = YES;
				CLANG_WARN_OBJC_ROOT_CLASS = YES;
				CLANG_WARN_SUSPICIOUS_IMPLICIT_CONVERSION = YES;
				CLANG_WARN_UNREACHABLE_CODE = YES;
				CLANG_WARN__DUPLICATE_METHOD_MATCH = YES;
				"CODE_SIGN_IDENTITY[sdk=iphoneos*]" = "iPhone Developer";
				COPY_PHASE_STRIP = NO;
				ENABLE_NS_ASSERTIONS = NO;
				ENABLE_STRICT_OBJC_MSGSEND = YES;
				GCC_C_LANGUAGE_STANDARD = gnu99;
				GCC_NO_COMMON_BLOCKS = YES;
				GCC_WARN_64_TO_32_BIT_CONVERSION = YES;
				GCC_WARN_ABOUT_DEPRECATED_FUNCTIONS = YES;
				GCC_WARN_ABOUT_MISSING_FIELD_INITIALIZERS = YES;
				GCC_WARN_ABOUT_MISSING_NEWLINE = YES;
				GCC_WARN_ABOUT_RETURN_TYPE = YES;
				GCC_WARN_CHECK_SWITCH_STATEMENTS = YES;
				GCC_WARN_INITIALIZER_NOT_FULLY_BRACKETED = YES;
				GCC_WARN_MISSING_PARENTHESES = YES;
				GCC_WARN_SHADOW = YES;
				GCC_WARN_SIGN_COMPARE = YES;
				GCC_WARN_TYPECHECK_CALLS_TO_PRINTF = YES;
				GCC_WARN_UNDECLARED_SELECTOR = YES;
				GCC_WARN_UNINITIALIZED_AUTOS = YES;
				GCC_WARN_UNUSED_FUNCTION = YES;
				GCC_WARN_UNUSED_LABEL = YES;
				GCC_WARN_UNUSED_VALUE = YES;
				GCC_WARN_UNUSED_VARIABLE = YES;
				IPHONEOS_DEPLOYMENT_TARGET = 8.0;
				RUN_CLANG_STATIC_ANALYZER = YES;
				SDKROOT = iphoneos;
				VALIDATE_PRODUCT = YES;
			};
			name = Release;
		};
		3F4619F7277B984DA549AA16 /* Debug */ = {
			isa = XCBuildConfiguration;
			buildSettings = {
				BUNDLE_LOADER = "$(BUILT_PRODUCTS_DIR)/Wave Hub.app/Wave Hub";
				FRAMEWORK_SEARCH_PATHS = (
					"$(SDKROOT)/Developer/Library/Frameworks",
					"$(inherited)",
					"$(DEVELOPER_FRAMEWORKS_DIR)",
				);
				GCC_PREFIX_HEADER = "UnitTests/Resources/UnitTests-Prefix.pch";
				INFOPLIST_FILE = "UnitTests/Resources/UnitTests-Info.plist";
				PRODUCT_BUNDLE_IDENTIFIER = "com.memoryleaks.${PRODUCT_NAME:rfc1034identifier}";
				PRODUCT_NAME = "$(TARGET_NAME)";
				SDKROOT = iphoneos;
				SKIP_INSTALL = YES;
				TEST_HOST = "$(BUNDLE_LOADER)";
				WRAPPER_EXTENSION = xctest;
			};
			name = Debug;
		};
		9E103C60E587B69DC61B9D5F /* Release */ = {
			isa = XCBuildConfiguration;
			buildSettings = {
				BUNDLE_LOADER = "$(BUILT_PRODUCTS_DIR)/Wave Hub.app/Wave Hub";
				FRAMEWORK_SEARCH_PATHS = (
					"$(SDKROOT)/Developer/Library/Frameworks",
					"$(inherited)",
					"$(DEVELOPER_FRAMEWORKS_DIR)",
				);
				GCC_PREFIX_HEADER = "UnitTests/Resources/UnitTests-Prefix.pch";
				INFOPLIST_FILE = "UnitTests/Resources/UnitTests-Info.plist";
				PRODUCT_BUNDLE_IDENTIFIER = "com.memoryleaks.${PRODUCT_NAME:rfc1034identifier}";
				PRODUCT_NAME = "$(TARGET_NAME)";
				SDKROOT = iphoneos;
				SKIP_INSTALL = YES;
				TEST_HOST = "$(BUNDLE_LOADER)";
				WRAPPER_EXTENSION = xctest;
			};
			name = Release;
		};
		C2FA650272A4CF16FEF1FE61 /* Debug */ = {
			isa = XCBuildConfiguration;
			buildSettings = {
				ALWAYS_SEARCH_USER_PATHS = NO;
				ASSETCATALOG_COMPILER_APPICON_NAME = AppIcon;
				CLANG_CXX_LANGUAGE_STANDARD = "gnu++0x";
				CLANG_CXX_LIBRARY = "libc++";
				CLANG_ENABLE_MODULES = YES;
				CLANG_ENABLE_OBJC_ARC = YES;
				CLANG_WARN_BOOL_CONVERSION = YES;
				CLANG_WARN_CONSTANT_CONVERSION = YES;
				CLANG_WARN_DEPRECATED_OBJC_IMPLEMENTATIONS = YES;
				CLANG_WARN_DIRECT_OBJC_ISA_USAGE = YES;
				CLANG_WARN_EMPTY_BODY = YES;
				CLANG_WARN_ENUM_CONVERSION = YES;
				CLANG_WARN_IMPLICIT_SIGN_CONVERSION = YES;
				CLANG_WARN_INT_CONVERSION = YES;
				CLANG_WARN_OBJC_IMPLICIT_RETAIN_SELF = YES;
				CLANG_WARN_OBJC_ROOT_CLASS = YES;
				CLANG_WARN_SUSPICIOUS_IMPLICIT_CONVERSION = YES;
				CLANG_WARN_UNREACHABLE_CODE = YES;
				CLANG_WARN__DUPLICATE_METHOD_MATCH = YES;
				"CODE_SIGN_IDENTITY[sdk=iphoneos*]" = "iPhone Developer";
				COPY_PHASE_STRIP = YES;
				ENABLE_STRICT_OBJC_MSGSEND = YES;
				ENABLE_TESTABILITY = YES;
				GCC_C_LANGUAGE_STANDARD = gnu99;
				GCC_DYNAMIC_NO_PIC = NO;
				GCC_NO_COMMON_BLOCKS = YES;
				GCC_OPTIMIZATION_LEVEL = 0;
				GCC_PREPROCESSOR_DEFINITIONS = (
					"DEBUG=1",
					"$(inherited)",
				);
				GCC_SYMBOLS_PRIVATE_EXTERN = NO;
				GCC_WARN_64_TO_32_BIT_CONVERSION = YES;
				GCC_WARN_ABOUT_DEPRECATED_FUNCTIONS = YES;
				GCC_WARN_ABOUT_MISSING_FIELD_INITIALIZERS = YES;
				GCC_WARN_ABOUT_MISSING_NEWLINE = YES;
				GCC_WARN_ABOUT_RETURN_TYPE = YES;
				GCC_WARN_CHECK_SWITCH_STATEMENTS = YES;
				GCC_WARN_INITIALIZER_NOT_FULLY_BRACKETED = YES;
				GCC_WARN_MISSING_PARENTHESES = YES;
				GCC_WARN_SHADOW = YES;
				GCC_WARN_SIGN_COMPARE = YES;
				GCC_WARN_TYPECHECK_CALLS_TO_PRINTF = YES;
				GCC_WARN_UNDECLARED_SELECTOR = YES;
				GCC_WARN_UNINITIALIZED_AUTOS = YES;
				GCC_WARN_UNUSED_FUNCTION = YES;
				GCC_WARN_UNUSED_LABEL = YES;
				GCC_WARN_UNUSED_VALUE = YES;
				GCC_WARN_UNUSED_VARIABLE = YES;
				IPHONEOS_DEPLOYMENT_TARGET = 8.0;
				ONLY_ACTIVE_ARCH = YES;
				RUN_CLANG_STATIC_ANALYZER = YES;
				SDKROOT = iphoneos;
			};
			name = Debug;
		};
		ECFE72449707485D792C1E82 /* Debug */ = {
			isa = XCBuildConfiguration;
			baseConfigurationReference = 48D54F111D4774526C3EF083 /* Pods-Wave Hub.debug.xcconfig */;
			buildSettings = {
				ALWAYS_SEARCH_USER_PATHS = NO;
				CLANG_ENABLE_MODULES = NO;
				CLANG_MODULES_AUTOLINK = YES;
				CLANG_WARN_CONSTANT_CONVERSION = NO;
				CLANG_WARN_IMPLICIT_SIGN_CONVERSION = NO;
				CLANG_WARN_INT_CONVERSION = NO;
				CODE_SIGN_IDENTITY = "iPhone Developer";
				"CODE_SIGN_IDENTITY[sdk=iphoneos*]" = "iPhone Developer";
				COPY_PHASE_STRIP = NO;
				DSTROOT = /tmp/xcodeproj.dst;
				ENABLE_BITCODE = NO;
				FRAMEWORK_SEARCH_PATHS = (
					"$(inherited)",
					"$(PROJECT_DIR)",
					"$(PROJECT_DIR)/Carthage/Build/iOS",
				);
				GCC_DYNAMIC_NO_PIC = NO;
				GCC_OPTIMIZATION_LEVEL = 0;
				GCC_PRECOMPILE_PREFIX_HEADER = YES;
				GCC_PREFIX_HEADER = "Wave Hub/Resources/Other-Sources/Wave Hub-Prefix.pch";
				GCC_PREPROCESSOR_DEFINITIONS = (
					"DEBUG=1",
					"$(inherited)",
				);
				GCC_SYMBOLS_PRIVATE_EXTERN = NO;
				GCC_WARN_64_TO_32_BIT_CONVERSION = NO;
				INFOPLIST_FILE = "Wave Hub/Resources/Other-Sources/Info.plist";
				INSTALL_PATH = "$(BUILT_PRODUCTS_DIR)";
				IPHONEOS_DEPLOYMENT_TARGET = 8.0;
				LD_RUNPATH_SEARCH_PATHS = "$(inherited) @executable_path/Frameworks";
				PRODUCT_BUNDLE_IDENTIFIER = "com.darkcl.Wave-Hub";
				PRODUCT_NAME = "$(TARGET_NAME)";
				PROVISIONING_PROFILE = "";
				PUBLIC_HEADERS_FOLDER_PATH = "$(TARGET_NAME)";
				SDKROOT = iphoneos;
			};
			name = Debug;
		};
/* End XCBuildConfiguration section */

/* Begin XCConfigurationList section */
		0AB5B0E0D476E8B8F0878156 /* Build configuration list for PBXNativeTarget "UnitTests" */ = {
			isa = XCConfigurationList;
			buildConfigurations = (
				9E103C60E587B69DC61B9D5F /* Release */,
				3F4619F7277B984DA549AA16 /* Debug */,
			);
			defaultConfigurationIsVisible = 0;
			defaultConfigurationName = Release;
		};
		2A75D9C633E425B862B05F4D /* Build configuration list for PBXProject "Wave Hub" */ = {
			isa = XCConfigurationList;
			buildConfigurations = (
				C2FA650272A4CF16FEF1FE61 /* Debug */,
				2D377486DD007382797C00F3 /* Release */,
			);
			defaultConfigurationIsVisible = 0;
			defaultConfigurationName = Release;
		};
		6F62ED2E12575E77861332A2 /* Build configuration list for PBXNativeTarget "Wave Hub" */ = {
			isa = XCConfigurationList;
			buildConfigurations = (
				104889AE533E30BDAF1F473A /* Release */,
				ECFE72449707485D792C1E82 /* Debug */,
			);
			defaultConfigurationIsVisible = 0;
			defaultConfigurationName = Release;
		};
/* End XCConfigurationList section */
	};
	rootObject = 3839A74F2E8E934D53C31C96 /* Project object */;
}
