// !$*UTF8*$!
{
	archiveVersion = 1;
	classes = {
	};
	objectVersion = 46;
	objects = {

/* Begin PBXBuildFile section */
		0E064CE51BF2FBD9002D2244 /* AVFoundation.framework in Frameworks */ = {isa = PBXBuildFile; fileRef = 0E064CE41BF2FBD9002D2244 /* AVFoundation.framework */; };
		0E064CED1BF2FC34002D2244 /* Collection.m in Sources */ = {isa = PBXBuildFile; fileRef = 0E064CE71BF2FC34002D2244 /* Collection.m */; };
		0E064CEE1BF2FC34002D2244 /* MyFavourite.m in Sources */ = {isa = PBXBuildFile; fileRef = 0E064CEA1BF2FC34002D2244 /* MyFavourite.m */; };
		0E064CEF1BF2FC34002D2244 /* User.m in Sources */ = {isa = PBXBuildFile; fileRef = 0E064CEC1BF2FC34002D2244 /* User.m */; };
		0E296DAE1BF4A1F900ED3147 /* CueSheet+WaveHubAddition.m in Sources */ = {isa = PBXBuildFile; fileRef = 0E296DAD1BF4A1F900ED3147 /* CueSheet+WaveHubAddition.m */; };
		0E2B7E791BF445D2001B7A25 /* WHSoundManager.m in Sources */ = {isa = PBXBuildFile; fileRef = 0E2B7E781BF445D2001B7A25 /* WHSoundManager.m */; };
		0E2B7E7C1BF475BC001B7A25 /* WHApplication.m in Sources */ = {isa = PBXBuildFile; fileRef = 0E2B7E7B1BF475BC001B7A25 /* WHApplication.m */; };
		0E44F8671BEB4DD400F8571D /* WHWebrequestManager.m in Sources */ = {isa = PBXBuildFile; fileRef = 0E44F8661BEB4DD400F8571D /* WHWebrequestManager.m */; };
		0E44F86B1BEB4FB700F8571D /* WHDashBoardViewController.m in Sources */ = {isa = PBXBuildFile; fileRef = 0E44F8691BEB4FB700F8571D /* WHDashBoardViewController.m */; };
		0E44F8701BEB550B00F8571D /* WHFavouriteTableViewController.m in Sources */ = {isa = PBXBuildFile; fileRef = 0E44F86F1BEB550B00F8571D /* WHFavouriteTableViewController.m */; };
		0E44F8751BEB553300F8571D /* WHPlaylistTableViewController.m in Sources */ = {isa = PBXBuildFile; fileRef = 0E44F8741BEB553300F8571D /* WHPlaylistTableViewController.m */; };
		0E44F8791BEB557600F8571D /* WHLocalSongsTableViewController.m in Sources */ = {isa = PBXBuildFile; fileRef = 0E44F8781BEB557600F8571D /* WHLocalSongsTableViewController.m */; };
		0E7DA1731BE9BB60006551C4 /* WHRootViewController.m in Sources */ = {isa = PBXBuildFile; fileRef = 0E7DA1711BE9BB60006551C4 /* WHRootViewController.m */; };
		0E7DA1741BE9BB60006551C4 /* WHRootViewController.xib in Resources */ = {isa = PBXBuildFile; fileRef = 0E7DA1721BE9BB60006551C4 /* WHRootViewController.xib */; };
		1A44E872A0401F9F6EC5084C /* main.m in Sources */ = {isa = PBXBuildFile; fileRef = 7535691D532C79453A972784 /* main.m */; };
		476696573063B162B2B854E9 /* libPods.a in Frameworks */ = {isa = PBXBuildFile; fileRef = F7E617E74F03F0E5992B5CD8 /* libPods.a */; };
		6C5DC8333D90F8BAC26108B1 /* Images.xcassets in Resources */ = {isa = PBXBuildFile; fileRef = 450213D723237E9D8191F6EF /* Images.xcassets */; };
		74F6F47EBD6BFC73460670B1 /* libPods-unit_tests.a in Frameworks */ = {isa = PBXBuildFile; fileRef = 90882ADB27A7D5FDEDA7B24A /* libPods-unit_tests.a */; };
		C4F64ECA2A55365875E190E6 /* Foundation.framework in Frameworks */ = {isa = PBXBuildFile; fileRef = B0FF2CBA0859ED2691E65FF5 /* Foundation.framework */; };
		EA1D28C0C6A5011119F82B73 /* LaunchScreen.xib in Sources */ = {isa = PBXBuildFile; fileRef = E85B4BE7428A28FDA5A26607 /* LaunchScreen.xib */; };
		F8A560A340ED7920227E1490 /* Settings.bundle in Resources */ = {isa = PBXBuildFile; fileRef = DEC77C216DD81033353F5511 /* Settings.bundle */; };
		F9272AE40B26984E04F01944 /* WHAppDelegate.m in Sources */ = {isa = PBXBuildFile; fileRef = 241B6531260B64A07C64DCF3 /* WHAppDelegate.m */; };
/* End PBXBuildFile section */

/* Begin PBXContainerItemProxy section */
		FEDE10BF6F757DD0AFCB37DA /* PBXContainerItemProxy */ = {
			isa = PBXContainerItemProxy;
			containerPortal = 3839A74F2E8E934D53C31C96 /* Project object */;
			proxyType = 1;
			remoteGlobalIDString = FBB4F1253763E2CDB498808A;
			remoteInfo = "Wave Hub";
		};
/* End PBXContainerItemProxy section */

/* Begin PBXFileReference section */
		0E064CE41BF2FBD9002D2244 /* AVFoundation.framework */ = {isa = PBXFileReference; lastKnownFileType = wrapper.framework; name = AVFoundation.framework; path = System/Library/Frameworks/AVFoundation.framework; sourceTree = SDKROOT; };
		0E064CE61BF2FC34002D2244 /* Collection.h */ = {isa = PBXFileReference; fileEncoding = 4; lastKnownFileType = sourcecode.c.h; path = Collection.h; sourceTree = "<group>"; };
		0E064CE71BF2FC34002D2244 /* Collection.m */ = {isa = PBXFileReference; fileEncoding = 4; lastKnownFileType = sourcecode.c.objc; path = Collection.m; sourceTree = "<group>"; };
		0E064CE81BF2FC34002D2244 /* DataModels.h */ = {isa = PBXFileReference; fileEncoding = 4; lastKnownFileType = sourcecode.c.h; path = DataModels.h; sourceTree = "<group>"; };
		0E064CE91BF2FC34002D2244 /* MyFavourite.h */ = {isa = PBXFileReference; fileEncoding = 4; lastKnownFileType = sourcecode.c.h; path = MyFavourite.h; sourceTree = "<group>"; };
		0E064CEA1BF2FC34002D2244 /* MyFavourite.m */ = {isa = PBXFileReference; fileEncoding = 4; lastKnownFileType = sourcecode.c.objc; path = MyFavourite.m; sourceTree = "<group>"; };
		0E064CEB1BF2FC34002D2244 /* User.h */ = {isa = PBXFileReference; fileEncoding = 4; lastKnownFileType = sourcecode.c.h; path = User.h; sourceTree = "<group>"; };
		0E064CEC1BF2FC34002D2244 /* User.m */ = {isa = PBXFileReference; fileEncoding = 4; lastKnownFileType = sourcecode.c.objc; path = User.m; sourceTree = "<group>"; };
		0E296DAC1BF4A1F900ED3147 /* CueSheet+WaveHubAddition.h */ = {isa = PBXFileReference; fileEncoding = 4; lastKnownFileType = sourcecode.c.h; path = "CueSheet+WaveHubAddition.h"; sourceTree = "<group>"; };
		0E296DAD1BF4A1F900ED3147 /* CueSheet+WaveHubAddition.m */ = {isa = PBXFileReference; fileEncoding = 4; lastKnownFileType = sourcecode.c.objc; path = "CueSheet+WaveHubAddition.m"; sourceTree = "<group>"; };
		0E296DAF1BF4A4C600ED3147 /* Notifications.h */ = {isa = PBXFileReference; fileEncoding = 4; lastKnownFileType = sourcecode.c.h; path = Notifications.h; sourceTree = "<group>"; };
		0E2B7E771BF445D2001B7A25 /* WHSoundManager.h */ = {isa = PBXFileReference; fileEncoding = 4; lastKnownFileType = sourcecode.c.h; path = WHSoundManager.h; sourceTree = "<group>"; };
		0E2B7E781BF445D2001B7A25 /* WHSoundManager.m */ = {isa = PBXFileReference; fileEncoding = 4; lastKnownFileType = sourcecode.c.objc; path = WHSoundManager.m; sourceTree = "<group>"; };
		0E2B7E7A1BF475BC001B7A25 /* WHApplication.h */ = {isa = PBXFileReference; fileEncoding = 4; lastKnownFileType = sourcecode.c.h; path = WHApplication.h; sourceTree = "<group>"; };
		0E2B7E7B1BF475BC001B7A25 /* WHApplication.m */ = {isa = PBXFileReference; fileEncoding = 4; lastKnownFileType = sourcecode.c.objc; path = WHApplication.m; sourceTree = "<group>"; };
		0E44F8651BEB4DD400F8571D /* WHWebrequestManager.h */ = {isa = PBXFileReference; fileEncoding = 4; lastKnownFileType = sourcecode.c.h; path = WHWebrequestManager.h; sourceTree = "<group>"; };
		0E44F8661BEB4DD400F8571D /* WHWebrequestManager.m */ = {isa = PBXFileReference; fileEncoding = 4; lastKnownFileType = sourcecode.c.objc; path = WHWebrequestManager.m; sourceTree = "<group>"; };
		0E44F8681BEB4FB700F8571D /* WHDashBoardViewController.h */ = {isa = PBXFileReference; fileEncoding = 4; lastKnownFileType = sourcecode.c.h; path = WHDashBoardViewController.h; sourceTree = "<group>"; };
		0E44F8691BEB4FB700F8571D /* WHDashBoardViewController.m */ = {isa = PBXFileReference; fileEncoding = 4; lastKnownFileType = sourcecode.c.objc; path = WHDashBoardViewController.m; sourceTree = "<group>"; };
		0E44F86E1BEB550B00F8571D /* WHFavouriteTableViewController.h */ = {isa = PBXFileReference; fileEncoding = 4; lastKnownFileType = sourcecode.c.h; path = WHFavouriteTableViewController.h; sourceTree = "<group>"; };
		0E44F86F1BEB550B00F8571D /* WHFavouriteTableViewController.m */ = {isa = PBXFileReference; fileEncoding = 4; lastKnownFileType = sourcecode.c.objc; path = WHFavouriteTableViewController.m; sourceTree = "<group>"; };
		0E44F8731BEB553300F8571D /* WHPlaylistTableViewController.h */ = {isa = PBXFileReference; fileEncoding = 4; lastKnownFileType = sourcecode.c.h; path = WHPlaylistTableViewController.h; sourceTree = "<group>"; };
		0E44F8741BEB553300F8571D /* WHPlaylistTableViewController.m */ = {isa = PBXFileReference; fileEncoding = 4; lastKnownFileType = sourcecode.c.objc; path = WHPlaylistTableViewController.m; sourceTree = "<group>"; };
		0E44F8771BEB557600F8571D /* WHLocalSongsTableViewController.h */ = {isa = PBXFileReference; fileEncoding = 4; lastKnownFileType = sourcecode.c.h; path = WHLocalSongsTableViewController.h; sourceTree = "<group>"; };
		0E44F8781BEB557600F8571D /* WHLocalSongsTableViewController.m */ = {isa = PBXFileReference; fileEncoding = 4; lastKnownFileType = sourcecode.c.objc; path = WHLocalSongsTableViewController.m; sourceTree = "<group>"; };
		0E7DA1701BE9BB60006551C4 /* WHRootViewController.h */ = {isa = PBXFileReference; fileEncoding = 4; lastKnownFileType = sourcecode.c.h; path = WHRootViewController.h; sourceTree = "<group>"; };
		0E7DA1711BE9BB60006551C4 /* WHRootViewController.m */ = {isa = PBXFileReference; fileEncoding = 4; lastKnownFileType = sourcecode.c.objc; path = WHRootViewController.m; sourceTree = "<group>"; };
		0E7DA1721BE9BB60006551C4 /* WHRootViewController.xib */ = {isa = PBXFileReference; fileEncoding = 4; lastKnownFileType = file.xib; path = WHRootViewController.xib; sourceTree = "<group>"; };
		241B6531260B64A07C64DCF3 /* WHAppDelegate.m */ = {isa = PBXFileReference; includeInIndex = 1; lastKnownFileType = sourcecode.c.objc; path = WHAppDelegate.m; sourceTree = "<group>"; };
		332F5D8192372502D2F48D04 /* Pods-unit_tests.release.xcconfig */ = {isa = PBXFileReference; includeInIndex = 1; lastKnownFileType = text.xcconfig; name = "Pods-unit_tests.release.xcconfig"; path = "Pods/Target Support Files/Pods-unit_tests/Pods-unit_tests.release.xcconfig"; sourceTree = "<group>"; };
		450213D723237E9D8191F6EF /* Images.xcassets */ = {isa = PBXFileReference; includeInIndex = 1; lastKnownFileType = folder.assetcatalog; path = Images.xcassets; sourceTree = "<group>"; };
		4A4358BE8B68B8B9325F3AAC /* Pods.release.xcconfig */ = {isa = PBXFileReference; includeInIndex = 1; lastKnownFileType = text.xcconfig; name = Pods.release.xcconfig; path = "Pods/Target Support Files/Pods/Pods.release.xcconfig"; sourceTree = "<group>"; };
		6C0AE585EC62527A7EF19A9D /* UnitTests-Info.plist */ = {isa = PBXFileReference; includeInIndex = 1; lastKnownFileType = text.plist.xml; path = "UnitTests-Info.plist"; sourceTree = "<group>"; };
		7535691D532C79453A972784 /* main.m */ = {isa = PBXFileReference; includeInIndex = 1; lastKnownFileType = sourcecode.c.objc; path = main.m; sourceTree = "<group>"; };
		781D2B8E9A1F36A0D4E8AF0E /* WHAppDelegate.h */ = {isa = PBXFileReference; includeInIndex = 1; lastKnownFileType = sourcecode.c.h; path = WHAppDelegate.h; sourceTree = "<group>"; };
		90882ADB27A7D5FDEDA7B24A /* libPods-unit_tests.a */ = {isa = PBXFileReference; explicitFileType = archive.ar; includeInIndex = 0; path = "libPods-unit_tests.a"; sourceTree = BUILT_PRODUCTS_DIR; };
		90FCF8C4B6CA595E3FD6BFD3 /* Info.plist */ = {isa = PBXFileReference; includeInIndex = 1; lastKnownFileType = text.plist.xml; path = Info.plist; sourceTree = "<group>"; };
		B0FF2CBA0859ED2691E65FF5 /* Foundation.framework */ = {isa = PBXFileReference; lastKnownFileType = wrapper.framework; name = Foundation.framework; path = Platforms/iPhoneOS.platform/Developer/SDKs/iPhoneOS7.1.sdk/System/Library/Frameworks/Foundation.framework; sourceTree = DEVELOPER_DIR; };
		B7ACDBAC3CF1439A84F9FD9C /* UnitTests-Prefix.pch */ = {isa = PBXFileReference; includeInIndex = 1; lastKnownFileType = sourcecode.c.h; path = "UnitTests-Prefix.pch"; sourceTree = "<group>"; };
		C72FFDCC6550CA5F84D4B088 /* Pods.debug.xcconfig */ = {isa = PBXFileReference; includeInIndex = 1; lastKnownFileType = text.xcconfig; name = Pods.debug.xcconfig; path = "Pods/Target Support Files/Pods/Pods.debug.xcconfig"; sourceTree = "<group>"; };
		D267D2C6B176DB4BDE7EC0FE /* Wave Hub.app */ = {isa = PBXFileReference; explicitFileType = wrapper.application; includeInIndex = 0; path = "Wave Hub.app"; sourceTree = BUILT_PRODUCTS_DIR; };
		DEC77C216DD81033353F5511 /* Settings.bundle */ = {isa = PBXFileReference; includeInIndex = 1; lastKnownFileType = "wrapper.plug-in"; path = Settings.bundle; sourceTree = "<group>"; };
		DFDA417E07FC436481C222DE /* Wave Hub-Prefix.pch */ = {isa = PBXFileReference; includeInIndex = 1; lastKnownFileType = sourcecode.c.h; path = "Wave Hub-Prefix.pch"; sourceTree = "<group>"; };
		E85B4BE7428A28FDA5A26607 /* LaunchScreen.xib */ = {isa = PBXFileReference; includeInIndex = 1; lastKnownFileType = file.xib; path = LaunchScreen.xib; sourceTree = "<group>"; };
		EDC6480DC94CD8D08DCA8BEF /* Pods-unit_tests.debug.xcconfig */ = {isa = PBXFileReference; includeInIndex = 1; lastKnownFileType = text.xcconfig; name = "Pods-unit_tests.debug.xcconfig"; path = "Pods/Target Support Files/Pods-unit_tests/Pods-unit_tests.debug.xcconfig"; sourceTree = "<group>"; };
		F7E617E74F03F0E5992B5CD8 /* libPods.a */ = {isa = PBXFileReference; explicitFileType = archive.ar; includeInIndex = 0; path = libPods.a; sourceTree = BUILT_PRODUCTS_DIR; };
		FDAC66FBF22076C1587DD750 /* UnitTests.xctest */ = {isa = PBXFileReference; explicitFileType = wrapper.cfbundle; includeInIndex = 0; path = UnitTests.xctest; sourceTree = BUILT_PRODUCTS_DIR; };
/* End PBXFileReference section */

/* Begin PBXFrameworksBuildPhase section */
		432AED63A1AAA6026CD5B656 /* Frameworks */ = {
			isa = PBXFrameworksBuildPhase;
			buildActionMask = 2147483647;
			files = (
				0E064CE51BF2FBD9002D2244 /* AVFoundation.framework in Frameworks */,
				C4F64ECA2A55365875E190E6 /* Foundation.framework in Frameworks */,
				476696573063B162B2B854E9 /* libPods.a in Frameworks */,
			);
			runOnlyForDeploymentPostprocessing = 0;
		};
		971D9433527D20DBD6F18282 /* Frameworks */ = {
			isa = PBXFrameworksBuildPhase;
			buildActionMask = 2147483647;
			files = (
				74F6F47EBD6BFC73460670B1 /* libPods-unit_tests.a in Frameworks */,
			);
			runOnlyForDeploymentPostprocessing = 0;
		};
/* End PBXFrameworksBuildPhase section */

/* Begin PBXGroup section */
		0021EB394DE559B7903C4AEE /* ViewModels */ = {
			isa = PBXGroup;
			children = (
			);
			path = ViewModels;
			sourceTree = "<group>";
		};
		0ACDDC5CA697E246FC621548 /* Headers */ = {
			isa = PBXGroup;
			children = (
			);
			path = Headers;
			sourceTree = "<group>";
		};
		0E064CF91BF30C4B002D2244 /* Collection */ = {
			isa = PBXGroup;
			children = (
				0E064CE61BF2FC34002D2244 /* Collection.h */,
				0E064CE71BF2FC34002D2244 /* Collection.m */,
			);
			name = Collection;
			sourceTree = "<group>";
		};
		0E064CFA1BF30C51002D2244 /* My Favourite */ = {
			isa = PBXGroup;
			children = (
				0E064CE91BF2FC34002D2244 /* MyFavourite.h */,
				0E064CEA1BF2FC34002D2244 /* MyFavourite.m */,
			);
			name = "My Favourite";
			sourceTree = "<group>";
		};
		0E44F86D1BEB4FBB00F8571D /* Dash Board */ = {
			isa = PBXGroup;
			children = (
				0E44F8761BEB555A00F8571D /* Local Songs */,
				0E44F8721BEB552000F8571D /* Playlist */,
				0E44F8711BEB550F00F8571D /* Favourite */,
				0E44F8681BEB4FB700F8571D /* WHDashBoardViewController.h */,
				0E44F8691BEB4FB700F8571D /* WHDashBoardViewController.m */,
			);
			name = "Dash Board";
			sourceTree = "<group>";
		};
		0E44F8711BEB550F00F8571D /* Favourite */ = {
			isa = PBXGroup;
			children = (
				0E44F86E1BEB550B00F8571D /* WHFavouriteTableViewController.h */,
				0E44F86F1BEB550B00F8571D /* WHFavouriteTableViewController.m */,
			);
			name = Favourite;
			sourceTree = "<group>";
		};
		0E44F8721BEB552000F8571D /* Playlist */ = {
			isa = PBXGroup;
			children = (
				0E44F8731BEB553300F8571D /* WHPlaylistTableViewController.h */,
				0E44F8741BEB553300F8571D /* WHPlaylistTableViewController.m */,
			);
			name = Playlist;
			sourceTree = "<group>";
		};
		0E44F8761BEB555A00F8571D /* Local Songs */ = {
			isa = PBXGroup;
			children = (
				0E44F8771BEB557600F8571D /* WHLocalSongsTableViewController.h */,
				0E44F8781BEB557600F8571D /* WHLocalSongsTableViewController.m */,
			);
			name = "Local Songs";
			sourceTree = "<group>";
		};
		0E7DA1751BE9BB65006551C4 /* Root View Controller */ = {
			isa = PBXGroup;
			children = (
				0E7DA1701BE9BB60006551C4 /* WHRootViewController.h */,
				0E7DA1711BE9BB60006551C4 /* WHRootViewController.m */,
				0E7DA1721BE9BB60006551C4 /* WHRootViewController.xib */,
			);
			name = "Root View Controller";
			sourceTree = "<group>";
		};
		155F34F450AAEF294FE1B03B /* Resources */ = {
			isa = PBXGroup;
			children = (
				450213D723237E9D8191F6EF /* Images.xcassets */,
				4E082CAC323912BD15C3CBAC /* Nibs */,
				2217E65619CBF89409D3E026 /* Other-Sources */,
				DEC77C216DD81033353F5511 /* Settings.bundle */,
			);
			path = Resources;
			sourceTree = "<group>";
		};
		1BCF981D92FCA82BCD5896BA /* UnitTests */ = {
			isa = PBXGroup;
			children = (
				396F03EAD12ACA63207D1C16 /* Resources */,
				A613706A8B4C2E3C5D80A705 /* Helpers */,
				1EBC0B184257B94EAE472A0D /* Tests */,
			);
			path = UnitTests;
			sourceTree = "<group>";
		};
		1E8CBC8F7C3F90E64799FC7B /* Views */ = {
			isa = PBXGroup;
			children = (
			);
			path = Views;
			sourceTree = "<group>";
		};
		1EBC0B184257B94EAE472A0D /* Tests */ = {
			isa = PBXGroup;
			children = (
			);
			path = Tests;
			sourceTree = "<group>";
		};
		2217E65619CBF89409D3E026 /* Other-Sources */ = {
			isa = PBXGroup;
			children = (
				90FCF8C4B6CA595E3FD6BFD3 /* Info.plist */,
				DFDA417E07FC436481C222DE /* Wave Hub-Prefix.pch */,
				7535691D532C79453A972784 /* main.m */,
			);
			path = "Other-Sources";
			sourceTree = "<group>";
		};
		2F69A4BE35D1B8F4B0E05306 /* iOS */ = {
			isa = PBXGroup;
			children = (
				B0FF2CBA0859ED2691E65FF5 /* Foundation.framework */,
			);
			name = iOS;
			sourceTree = "<group>";
		};
		396F03EAD12ACA63207D1C16 /* Resources */ = {
			isa = PBXGroup;
			children = (
				6C0AE585EC62527A7EF19A9D /* UnitTests-Info.plist */,
				B7ACDBAC3CF1439A84F9FD9C /* UnitTests-Prefix.pch */,
			);
			path = Resources;
			sourceTree = "<group>";
		};
		3EC1E66E83B7E050BC4ECB4C /* Pods */ = {
			isa = PBXGroup;
			children = (
				332F5D8192372502D2F48D04 /* Pods-unit_tests.release.xcconfig */,
				EDC6480DC94CD8D08DCA8BEF /* Pods-unit_tests.debug.xcconfig */,
				4A4358BE8B68B8B9325F3AAC /* Pods.release.xcconfig */,
				C72FFDCC6550CA5F84D4B088 /* Pods.debug.xcconfig */,
			);
			name = Pods;
			sourceTree = "<group>";
		};
		4E082CAC323912BD15C3CBAC /* Nibs */ = {
			isa = PBXGroup;
			children = (
				E85B4BE7428A28FDA5A26607 /* LaunchScreen.xib */,
			);
			path = Nibs;
			sourceTree = "<group>";
		};
		9A6A2BBA288A8DC74B668219 /* Protocols */ = {
			isa = PBXGroup;
			children = (
			);
			path = Protocols;
			sourceTree = "<group>";
		};
		A613706A8B4C2E3C5D80A705 /* Helpers */ = {
			isa = PBXGroup;
			children = (
			);
			path = Helpers;
			sourceTree = "<group>";
		};
		B5E749CE200B24C16FE17C03 /* Frameworks */ = {
			isa = PBXGroup;
			children = (
				0E064CE41BF2FBD9002D2244 /* AVFoundation.framework */,
				2F69A4BE35D1B8F4B0E05306 /* iOS */,
				90882ADB27A7D5FDEDA7B24A /* libPods-unit_tests.a */,
				F7E617E74F03F0E5992B5CD8 /* libPods.a */,
			);
			name = Frameworks;
			sourceTree = "<group>";
		};
		B7FDA5198C65651C1AECF5BA /* Categories */ = {
			isa = PBXGroup;
			children = (
				0E296DAC1BF4A1F900ED3147 /* CueSheet+WaveHubAddition.h */,
				0E296DAD1BF4A1F900ED3147 /* CueSheet+WaveHubAddition.m */,
			);
			path = Categories;
			sourceTree = "<group>";
		};
		C0378A827E14424F6D9580F4 /* Controllers */ = {
			isa = PBXGroup;
			children = (
				0E44F86D1BEB4FBB00F8571D /* Dash Board */,
				0E7DA1751BE9BB65006551C4 /* Root View Controller */,
				781D2B8E9A1F36A0D4E8AF0E /* WHAppDelegate.h */,
				241B6531260B64A07C64DCF3 /* WHAppDelegate.m */,
				0E296DAF1BF4A4C600ED3147 /* Notifications.h */,
				0E2B7E7A1BF475BC001B7A25 /* WHApplication.h */,
				0E2B7E7B1BF475BC001B7A25 /* WHApplication.m */,
			);
			path = Controllers;
			sourceTree = "<group>";
		};
		C98CD64752934F35E4A72330 /* Wave Hub */ = {
			isa = PBXGroup;
			children = (
				B7FDA5198C65651C1AECF5BA /* Categories */,
				9A6A2BBA288A8DC74B668219 /* Protocols */,
				0ACDDC5CA697E246FC621548 /* Headers */,
				DC4CFE12F9FE9D539C497C16 /* Models */,
				0021EB394DE559B7903C4AEE /* ViewModels */,
				C0378A827E14424F6D9580F4 /* Controllers */,
				1E8CBC8F7C3F90E64799FC7B /* Views */,
				155F34F450AAEF294FE1B03B /* Resources */,
			);
			path = "Wave Hub";
			sourceTree = "<group>";
		};
		D5812A25A011BF7339E23764 = {
			isa = PBXGroup;
			children = (
				C98CD64752934F35E4A72330 /* Wave Hub */,
				1BCF981D92FCA82BCD5896BA /* UnitTests */,
				B5E749CE200B24C16FE17C03 /* Frameworks */,
				E1FC21A07FC6FDB153FEE9E8 /* Products */,
				3EC1E66E83B7E050BC4ECB4C /* Pods */,
			);
			indentWidth = 4;
			sourceTree = "<group>";
			tabWidth = 4;
			usesTabs = 0;
		};
		DC4CFE12F9FE9D539C497C16 /* Models */ = {
			isa = PBXGroup;
			children = (
				0E064CF91BF30C4B002D2244 /* Collection */,
				0E064CE81BF2FC34002D2244 /* DataModels.h */,
				0E064CFA1BF30C51002D2244 /* My Favourite */,
				0E064CEB1BF2FC34002D2244 /* User.h */,
				0E064CEC1BF2FC34002D2244 /* User.m */,
				0E44F8651BEB4DD400F8571D /* WHWebrequestManager.h */,
				0E44F8661BEB4DD400F8571D /* WHWebrequestManager.m */,
				0E2B7E771BF445D2001B7A25 /* WHSoundManager.h */,
				0E2B7E781BF445D2001B7A25 /* WHSoundManager.m */,
			);
			path = Models;
			sourceTree = "<group>";
		};
		E1FC21A07FC6FDB153FEE9E8 /* Products */ = {
			isa = PBXGroup;
			children = (
				D267D2C6B176DB4BDE7EC0FE /* Wave Hub.app */,
				FDAC66FBF22076C1587DD750 /* UnitTests.xctest */,
			);
			name = Products;
			sourceTree = "<group>";
		};
/* End PBXGroup section */

/* Begin PBXNativeTarget section */
		AB2E72FFBF1DE1F10EFFFDB3 /* UnitTests */ = {
			isa = PBXNativeTarget;
			buildConfigurationList = 0AB5B0E0D476E8B8F0878156 /* Build configuration list for PBXNativeTarget "UnitTests" */;
			buildPhases = (
				C14174F4056246AA0F39D663 /* Check Pods Manifest.lock */,
				CF6B9BDB724465640A2BB907 /* Sources */,
				971D9433527D20DBD6F18282 /* Frameworks */,
				65571681941D7DCA5E683F1C /* Resources */,
				62A3FB3E862076F729307C4D /* Copy Pods Resources */,
				F0F20413BE122A42FEFD20A4 /* Embed Pods Frameworks */,
			);
			buildRules = (
			);
			dependencies = (
				30C54663ABAA43F35949884D /* PBXTargetDependency */,
			);
			name = UnitTests;
			productName = UnitTests;
			productReference = FDAC66FBF22076C1587DD750 /* UnitTests.xctest */;
			productType = "com.apple.product-type.bundle.unit-test";
		};
		FBB4F1253763E2CDB498808A /* Wave Hub */ = {
			isa = PBXNativeTarget;
			buildConfigurationList = 6F62ED2E12575E77861332A2 /* Build configuration list for PBXNativeTarget "Wave Hub" */;
			buildPhases = (
				84A3618B8BA1B4BF7265D8E3 /* Check Pods Manifest.lock */,
				FD47D93BE1E2AFDAEEB3E9CE /* Sources */,
				432AED63A1AAA6026CD5B656 /* Frameworks */,
				287A64EB97E6BCD7530E8830 /* Resources */,
				7B8A4A9553B8436D3FE2A7B4 /* Warn for TODO and FIXME comments */,
				6D2EE5C3B0D33F7B2F4DCD0B /* Set version number */,
				9015F0E1B5639AB45F439F93 /* Copy Pods Resources */,
				74BACF6A11231DBEAB398027 /* Embed Pods Frameworks */,
			);
			buildRules = (
			);
			dependencies = (
			);
			name = "Wave Hub";
			productName = "Wave Hub";
			productReference = D267D2C6B176DB4BDE7EC0FE /* Wave Hub.app */;
			productType = "com.apple.product-type.application";
		};
/* End PBXNativeTarget section */

/* Begin PBXProject section */
		3839A74F2E8E934D53C31C96 /* Project object */ = {
			isa = PBXProject;
			attributes = {
				CLASSPREFIX = WH;
				LastUpgradeCheck = 0510;
				ORGANIZATIONNAME = "Memory Leaks";
				TargetAttributes = {
					FBB4F1253763E2CDB498808A = {
						DevelopmentTeam = M56A72A6G5;
						SystemCapabilities = {
							com.apple.BackgroundModes = {
								enabled = 1;
							};
						};
					};
				};
			};
			buildConfigurationList = 2A75D9C633E425B862B05F4D /* Build configuration list for PBXProject "Wave Hub" */;
			compatibilityVersion = "Xcode 3.2";
			developmentRegion = English;
			hasScannedForEncodings = 0;
			knownRegions = (
				en,
			);
			mainGroup = D5812A25A011BF7339E23764;
			productRefGroup = E1FC21A07FC6FDB153FEE9E8 /* Products */;
			projectDirPath = "";
			projectRoot = "";
			targets = (
				FBB4F1253763E2CDB498808A /* Wave Hub */,
				AB2E72FFBF1DE1F10EFFFDB3 /* UnitTests */,
			);
		};
/* End PBXProject section */

/* Begin PBXResourcesBuildPhase section */
		287A64EB97E6BCD7530E8830 /* Resources */ = {
			isa = PBXResourcesBuildPhase;
			buildActionMask = 2147483647;
			files = (
				6C5DC8333D90F8BAC26108B1 /* Images.xcassets in Resources */,
				F8A560A340ED7920227E1490 /* Settings.bundle in Resources */,
				0E7DA1741BE9BB60006551C4 /* WHRootViewController.xib in Resources */,
			);
			runOnlyForDeploymentPostprocessing = 0;
		};
		65571681941D7DCA5E683F1C /* Resources */ = {
			isa = PBXResourcesBuildPhase;
			buildActionMask = 2147483647;
			files = (
			);
			runOnlyForDeploymentPostprocessing = 0;
		};
/* End PBXResourcesBuildPhase section */

/* Begin PBXShellScriptBuildPhase section */
		62A3FB3E862076F729307C4D /* Copy Pods Resources */ = {
			isa = PBXShellScriptBuildPhase;
			buildActionMask = 2147483647;
			files = (
			);
			inputPaths = (
			);
			name = "Copy Pods Resources";
			outputPaths = (
			);
			runOnlyForDeploymentPostprocessing = 0;
			shellPath = /bin/sh;
			shellScript = "\"${SRCROOT}/Pods/Target Support Files/Pods-unit_tests/Pods-unit_tests-resources.sh\"\n";
			showEnvVarsInLog = 0;
		};
		6D2EE5C3B0D33F7B2F4DCD0B /* Set version number */ = {
			isa = PBXShellScriptBuildPhase;
			buildActionMask = 2147483647;
			files = (
			);
			inputPaths = (
			);
			name = "Set version number";
			outputPaths = (
			);
			runOnlyForDeploymentPostprocessing = 0;
			shellPath = /bin/sh;
			shellScript = "git=$(sh /etc/profile; which git)\ngit_release_version=$(\"$git\" describe --tags --always --abbrev=0)\nnumber_of_commits=$(\"$git\" rev-list master | wc -l | tr -d ' ')\ntarget_plist=\"$TARGET_BUILD_DIR/$INFOPLIST_PATH\"\ndsym_plist=\"$DWARF_DSYM_FOLDER_PATH/$DWARF_DSYM_FILE_NAME/Contents/Info.plist\"\n\nfor plist in \"$target_plist\" \"$dsym_plist\"; do\n  if [ -f \"$plist\" ]; then\n    /usr/libexec/PlistBuddy -c \"Set :CFBundleVersion $number_of_commits\" \"$plist\"\n    /usr/libexec/PlistBuddy -c \"Set :CFBundleShortVersionString ${git_release_version#*v}\" \"$plist\"\n  fi\ndone\n";
		};
		74BACF6A11231DBEAB398027 /* Embed Pods Frameworks */ = {
			isa = PBXShellScriptBuildPhase;
			buildActionMask = 2147483647;
			files = (
			);
			inputPaths = (
			);
			name = "Embed Pods Frameworks";
			outputPaths = (
			);
			runOnlyForDeploymentPostprocessing = 0;
			shellPath = /bin/sh;
			shellScript = "\"${SRCROOT}/Pods/Target Support Files/Pods/Pods-frameworks.sh\"\n";
			showEnvVarsInLog = 0;
		};
		7B8A4A9553B8436D3FE2A7B4 /* Warn for TODO and FIXME comments */ = {
			isa = PBXShellScriptBuildPhase;
			buildActionMask = 2147483647;
			files = (
			);
			inputPaths = (
			);
			name = "Warn for TODO and FIXME comments";
			outputPaths = (
			);
			runOnlyForDeploymentPostprocessing = 0;
			shellPath = /bin/sh;
			shellScript = "KEYWORDS=\"TODO:|FIXME:|\\?\\?\\?:|\\!\\!\\!:\"\nFILE_EXTENSIONS=\"swift|h|m|mm|c|cpp\"\nfind -E \"${SRCROOT}\" -ipath \"${SRCROOT}/pods\" -prune -o \\( -regex \".*\\.($FILE_EXTENSIONS)$\" \\) -print0 | xargs -0 egrep --with-filename --line-number --only-matching \"($KEYWORDS).*\\$\" | perl -p -e \"s/($KEYWORDS)/ warning: \\$1/\"\n";
		};
		84A3618B8BA1B4BF7265D8E3 /* Check Pods Manifest.lock */ = {
			isa = PBXShellScriptBuildPhase;
			buildActionMask = 2147483647;
			files = (
			);
			inputPaths = (
			);
			name = "Check Pods Manifest.lock";
			outputPaths = (
			);
			runOnlyForDeploymentPostprocessing = 0;
			shellPath = /bin/sh;
			shellScript = "diff \"${PODS_ROOT}/../Podfile.lock\" \"${PODS_ROOT}/Manifest.lock\" > /dev/null\nif [[ $? != 0 ]] ; then\n    cat << EOM\nerror: The sandbox is not in sync with the Podfile.lock. Run 'pod install' or update your CocoaPods installation.\nEOM\n    exit 1\nfi\n";
			showEnvVarsInLog = 0;
		};
		9015F0E1B5639AB45F439F93 /* Copy Pods Resources */ = {
			isa = PBXShellScriptBuildPhase;
			buildActionMask = 2147483647;
			files = (
			);
			inputPaths = (
			);
			name = "Copy Pods Resources";
			outputPaths = (
			);
			runOnlyForDeploymentPostprocessing = 0;
			shellPath = /bin/sh;
			shellScript = "\"${SRCROOT}/Pods/Target Support Files/Pods/Pods-resources.sh\"\n";
			showEnvVarsInLog = 0;
		};
		C14174F4056246AA0F39D663 /* Check Pods Manifest.lock */ = {
			isa = PBXShellScriptBuildPhase;
			buildActionMask = 2147483647;
			files = (
			);
			inputPaths = (
			);
			name = "Check Pods Manifest.lock";
			outputPaths = (
			);
			runOnlyForDeploymentPostprocessing = 0;
			shellPath = /bin/sh;
			shellScript = "diff \"${PODS_ROOT}/../Podfile.lock\" \"${PODS_ROOT}/Manifest.lock\" > /dev/null\nif [[ $? != 0 ]] ; then\n    cat << EOM\nerror: The sandbox is not in sync with the Podfile.lock. Run 'pod install' or update your CocoaPods installation.\nEOM\n    exit 1\nfi\n";
			showEnvVarsInLog = 0;
		};
		F0F20413BE122A42FEFD20A4 /* Embed Pods Frameworks */ = {
			isa = PBXShellScriptBuildPhase;
			buildActionMask = 2147483647;
			files = (
			);
			inputPaths = (
			);
			name = "Embed Pods Frameworks";
			outputPaths = (
			);
			runOnlyForDeploymentPostprocessing = 0;
			shellPath = /bin/sh;
			shellScript = "\"${SRCROOT}/Pods/Target Support Files/Pods-unit_tests/Pods-unit_tests-frameworks.sh\"\n";
			showEnvVarsInLog = 0;
		};
/* End PBXShellScriptBuildPhase section */

/* Begin PBXSourcesBuildPhase section */
		CF6B9BDB724465640A2BB907 /* Sources */ = {
			isa = PBXSourcesBuildPhase;
			buildActionMask = 2147483647;
			files = (
			);
			runOnlyForDeploymentPostprocessing = 0;
		};
		FD47D93BE1E2AFDAEEB3E9CE /* Sources */ = {
			isa = PBXSourcesBuildPhase;
			buildActionMask = 2147483647;
			files = (
				0E44F8701BEB550B00F8571D /* WHFavouriteTableViewController.m in Sources */,
				0E064CED1BF2FC34002D2244 /* Collection.m in Sources */,
				0E064CEE1BF2FC34002D2244 /* MyFavourite.m in Sources */,
				0E296DAE1BF4A1F900ED3147 /* CueSheet+WaveHubAddition.m in Sources */,
				F9272AE40B26984E04F01944 /* WHAppDelegate.m in Sources */,
				0E44F8751BEB553300F8571D /* WHPlaylistTableViewController.m in Sources */,
				EA1D28C0C6A5011119F82B73 /* LaunchScreen.xib in Sources */,
				0E44F86B1BEB4FB700F8571D /* WHDashBoardViewController.m in Sources */,
				0E44F8791BEB557600F8571D /* WHLocalSongsTableViewController.m in Sources */,
				0E064CEF1BF2FC34002D2244 /* User.m in Sources */,
				0E2B7E791BF445D2001B7A25 /* WHSoundManager.m in Sources */,
				1A44E872A0401F9F6EC5084C /* main.m in Sources */,
				0E2B7E7C1BF475BC001B7A25 /* WHApplication.m in Sources */,
				0E44F8671BEB4DD400F8571D /* WHWebrequestManager.m in Sources */,
				0E7DA1731BE9BB60006551C4 /* WHRootViewController.m in Sources */,
			);
			runOnlyForDeploymentPostprocessing = 0;
		};
/* End PBXSourcesBuildPhase section */

/* Begin PBXTargetDependency section */
		30C54663ABAA43F35949884D /* PBXTargetDependency */ = {
			isa = PBXTargetDependency;
			target = FBB4F1253763E2CDB498808A /* Wave Hub */;
			targetProxy = FEDE10BF6F757DD0AFCB37DA /* PBXContainerItemProxy */;
		};
/* End PBXTargetDependency section */

/* Begin XCBuildConfiguration section */
		104889AE533E30BDAF1F473A /* Release */ = {
			isa = XCBuildConfiguration;
			baseConfigurationReference = 4A4358BE8B68B8B9325F3AAC /* Pods.release.xcconfig */;
			buildSettings = {
				ALWAYS_SEARCH_USER_PATHS = NO;
				CLANG_WARN_CONSTANT_CONVERSION = NO;
				CLANG_WARN_IMPLICIT_SIGN_CONVERSION = NO;
				CLANG_WARN_INT_CONVERSION = NO;
				CODE_SIGN_IDENTITY = "iPhone Developer";
				COPY_PHASE_STRIP = YES;
				DSTROOT = /tmp/xcodeproj.dst;
				ENABLE_BITCODE = NO;
				GCC_PRECOMPILE_PREFIX_HEADER = YES;
				GCC_PREFIX_HEADER = "Wave Hub/Resources/Other-Sources/Wave Hub-Prefix.pch";
				GCC_TREAT_WARNINGS_AS_ERRORS = YES;
				GCC_WARN_64_TO_32_BIT_CONVERSION = NO;
				INFOPLIST_FILE = "Wave Hub/Resources/Other-Sources/Info.plist";
				INSTALL_PATH = "$(BUILT_PRODUCTS_DIR)";
				IPHONEOS_DEPLOYMENT_TARGET = 7.1;
				LD_RUNPATH_SEARCH_PATHS = "$(inherited) @executable_path/Frameworks";
				OTHER_CFLAGS = (
					"-DNS_BLOCK_ASSERTIONS=1",
					"$(inherited)",
				);
				OTHER_CPLUSPLUSFLAGS = (
					"-DNS_BLOCK_ASSERTIONS=1",
					"$(inherited)",
				);
				PRODUCT_NAME = "$(TARGET_NAME)";
				PUBLIC_HEADERS_FOLDER_PATH = "$(TARGET_NAME)";
				SDKROOT = iphoneos;
				VALIDATE_PRODUCT = YES;
			};
			name = Release;
		};
		2D377486DD007382797C00F3 /* Release */ = {
			isa = XCBuildConfiguration;
			buildSettings = {
				ALWAYS_SEARCH_USER_PATHS = NO;
				ASSETCATALOG_COMPILER_APPICON_NAME = AppIcon;
				CLANG_CXX_LANGUAGE_STANDARD = "gnu++0x";
				CLANG_CXX_LIBRARY = "libc++";
				CLANG_ENABLE_MODULES = YES;
				CLANG_ENABLE_OBJC_ARC = YES;
				CLANG_WARN_BOOL_CONVERSION = YES;
				CLANG_WARN_CONSTANT_CONVERSION = YES;
				CLANG_WARN_DEPRECATED_OBJC_IMPLEMENTATIONS = YES;
				CLANG_WARN_DIRECT_OBJC_ISA_USAGE = YES;
				CLANG_WARN_EMPTY_BODY = YES;
				CLANG_WARN_ENUM_CONVERSION = YES;
				CLANG_WARN_IMPLICIT_SIGN_CONVERSION = YES;
				CLANG_WARN_INT_CONVERSION = YES;
				CLANG_WARN_OBJC_IMPLICIT_RETAIN_SELF = YES;
				CLANG_WARN_OBJC_ROOT_CLASS = YES;
				CLANG_WARN_SUSPICIOUS_IMPLICIT_CONVERSION = YES;
				"CODE_SIGN_IDENTITY[sdk=iphoneos*]" = "iPhone Developer";
				COPY_PHASE_STRIP = NO;
				ENABLE_NS_ASSERTIONS = NO;
				GCC_C_LANGUAGE_STANDARD = gnu99;
				GCC_WARN_64_TO_32_BIT_CONVERSION = YES;
				GCC_WARN_ABOUT_DEPRECATED_FUNCTIONS = YES;
				GCC_WARN_ABOUT_MISSING_FIELD_INITIALIZERS = YES;
				GCC_WARN_ABOUT_MISSING_NEWLINE = YES;
				GCC_WARN_ABOUT_RETURN_TYPE = YES;
				GCC_WARN_CHECK_SWITCH_STATEMENTS = YES;
				GCC_WARN_INITIALIZER_NOT_FULLY_BRACKETED = YES;
				GCC_WARN_MISSING_PARENTHESES = YES;
				GCC_WARN_SHADOW = YES;
				GCC_WARN_SIGN_COMPARE = YES;
				GCC_WARN_TYPECHECK_CALLS_TO_PRINTF = YES;
				GCC_WARN_UNDECLARED_SELECTOR = YES;
				GCC_WARN_UNINITIALIZED_AUTOS = YES;
				GCC_WARN_UNUSED_FUNCTION = YES;
				GCC_WARN_UNUSED_LABEL = YES;
				GCC_WARN_UNUSED_VALUE = YES;
				GCC_WARN_UNUSED_VARIABLE = YES;
				IPHONEOS_DEPLOYMENT_TARGET = 8.0;
				RUN_CLANG_STATIC_ANALYZER = YES;
				SDKROOT = iphoneos;
				VALIDATE_PRODUCT = YES;
			};
			name = Release;
		};
		3F4619F7277B984DA549AA16 /* Debug */ = {
			isa = XCBuildConfiguration;
			baseConfigurationReference = EDC6480DC94CD8D08DCA8BEF /* Pods-unit_tests.debug.xcconfig */;
			buildSettings = {
				BUNDLE_LOADER = "$(BUILT_PRODUCTS_DIR)/Wave Hub.app/Wave Hub";
				FRAMEWORK_SEARCH_PATHS = (
					"$(SDKROOT)/Developer/Library/Frameworks",
					"$(inherited)",
					"$(DEVELOPER_FRAMEWORKS_DIR)",
				);
				GCC_PREFIX_HEADER = "UnitTests/Resources/UnitTests-Prefix.pch";
				INFOPLIST_FILE = "UnitTests/Resources/UnitTests-Info.plist";
				PRODUCT_NAME = "$(TARGET_NAME)";
				SDKROOT = iphoneos;
				SKIP_INSTALL = YES;
				TEST_HOST = "$(BUNDLE_LOADER)";
				WRAPPER_EXTENSION = xctest;
			};
			name = Debug;
		};
		9E103C60E587B69DC61B9D5F /* Release */ = {
			isa = XCBuildConfiguration;
			baseConfigurationReference = 332F5D8192372502D2F48D04 /* Pods-unit_tests.release.xcconfig */;
			buildSettings = {
				BUNDLE_LOADER = "$(BUILT_PRODUCTS_DIR)/Wave Hub.app/Wave Hub";
				FRAMEWORK_SEARCH_PATHS = (
					"$(SDKROOT)/Developer/Library/Frameworks",
					"$(inherited)",
					"$(DEVELOPER_FRAMEWORKS_DIR)",
				);
				GCC_PREFIX_HEADER = "UnitTests/Resources/UnitTests-Prefix.pch";
				INFOPLIST_FILE = "UnitTests/Resources/UnitTests-Info.plist";
				PRODUCT_NAME = "$(TARGET_NAME)";
				SDKROOT = iphoneos;
				SKIP_INSTALL = YES;
				TEST_HOST = "$(BUNDLE_LOADER)";
				WRAPPER_EXTENSION = xctest;
			};
			name = Release;
		};
		C2FA650272A4CF16FEF1FE61 /* Debug */ = {
			isa = XCBuildConfiguration;
			buildSettings = {
				ALWAYS_SEARCH_USER_PATHS = NO;
				ASSETCATALOG_COMPILER_APPICON_NAME = AppIcon;
				CLANG_CXX_LANGUAGE_STANDARD = "gnu++0x";
				CLANG_CXX_LIBRARY = "libc++";
				CLANG_ENABLE_MODULES = YES;
				CLANG_ENABLE_OBJC_ARC = YES;
				CLANG_WARN_BOOL_CONVERSION = YES;
				CLANG_WARN_CONSTANT_CONVERSION = YES;
				CLANG_WARN_DEPRECATED_OBJC_IMPLEMENTATIONS = YES;
				CLANG_WARN_DIRECT_OBJC_ISA_USAGE = YES;
				CLANG_WARN_EMPTY_BODY = YES;
				CLANG_WARN_ENUM_CONVERSION = YES;
				CLANG_WARN_IMPLICIT_SIGN_CONVERSION = YES;
				CLANG_WARN_INT_CONVERSION = YES;
				CLANG_WARN_OBJC_IMPLICIT_RETAIN_SELF = YES;
				CLANG_WARN_OBJC_ROOT_CLASS = YES;
				CLANG_WARN_SUSPICIOUS_IMPLICIT_CONVERSION = YES;
				"CODE_SIGN_IDENTITY[sdk=iphoneos*]" = "iPhone Developer";
				COPY_PHASE_STRIP = YES;
				GCC_C_LANGUAGE_STANDARD = gnu99;
				GCC_DYNAMIC_NO_PIC = NO;
				GCC_OPTIMIZATION_LEVEL = 0;
				GCC_PREPROCESSOR_DEFINITIONS = (
					"DEBUG=1",
					"$(inherited)",
				);
				GCC_SYMBOLS_PRIVATE_EXTERN = NO;
				GCC_WARN_64_TO_32_BIT_CONVERSION = YES;
				GCC_WARN_ABOUT_DEPRECATED_FUNCTIONS = YES;
				GCC_WARN_ABOUT_MISSING_FIELD_INITIALIZERS = YES;
				GCC_WARN_ABOUT_MISSING_NEWLINE = YES;
				GCC_WARN_ABOUT_RETURN_TYPE = YES;
				GCC_WARN_CHECK_SWITCH_STATEMENTS = YES;
				GCC_WARN_INITIALIZER_NOT_FULLY_BRACKETED = YES;
				GCC_WARN_MISSING_PARENTHESES = YES;
				GCC_WARN_SHADOW = YES;
				GCC_WARN_SIGN_COMPARE = YES;
				GCC_WARN_TYPECHECK_CALLS_TO_PRINTF = YES;
				GCC_WARN_UNDECLARED_SELECTOR = YES;
				GCC_WARN_UNINITIALIZED_AUTOS = YES;
				GCC_WARN_UNUSED_FUNCTION = YES;
				GCC_WARN_UNUSED_LABEL = YES;
				GCC_WARN_UNUSED_VALUE = YES;
				GCC_WARN_UNUSED_VARIABLE = YES;
				IPHONEOS_DEPLOYMENT_TARGET = 8.0;
				ONLY_ACTIVE_ARCH = YES;
				RUN_CLANG_STATIC_ANALYZER = YES;
				SDKROOT = iphoneos;
			};
			name = Debug;
		};
		ECFE72449707485D792C1E82 /* Debug */ = {
			isa = XCBuildConfiguration;
			baseConfigurationReference = C72FFDCC6550CA5F84D4B088 /* Pods.debug.xcconfig */;
			buildSettings = {
				ALWAYS_SEARCH_USER_PATHS = NO;
				CLANG_WARN_CONSTANT_CONVERSION = NO;
				CLANG_WARN_IMPLICIT_SIGN_CONVERSION = NO;
				CLANG_WARN_INT_CONVERSION = NO;
				CODE_SIGN_IDENTITY = "iPhone Developer";
				COPY_PHASE_STRIP = NO;
				DSTROOT = /tmp/xcodeproj.dst;
				ENABLE_BITCODE = NO;
				GCC_DYNAMIC_NO_PIC = NO;
				GCC_OPTIMIZATION_LEVEL = 0;
				GCC_PRECOMPILE_PREFIX_HEADER = YES;
				GCC_PREFIX_HEADER = "Wave Hub/Resources/Other-Sources/Wave Hub-Prefix.pch";
				GCC_PREPROCESSOR_DEFINITIONS = (
					"DEBUG=1",
					"$(inherited)",
				);
				GCC_SYMBOLS_PRIVATE_EXTERN = NO;
				GCC_WARN_64_TO_32_BIT_CONVERSION = NO;
				INFOPLIST_FILE = "Wave Hub/Resources/Other-Sources/Info.plist";
				INSTALL_PATH = "$(BUILT_PRODUCTS_DIR)";
				IPHONEOS_DEPLOYMENT_TARGET = 7.1;
				LD_RUNPATH_SEARCH_PATHS = "$(inherited) @executable_path/Frameworks";
				PRODUCT_NAME = "$(TARGET_NAME)";
				PUBLIC_HEADERS_FOLDER_PATH = "$(TARGET_NAME)";
				SDKROOT = iphoneos;
			};
			name = Debug;
		};
/* End XCBuildConfiguration section */

/* Begin XCConfigurationList section */
		0AB5B0E0D476E8B8F0878156 /* Build configuration list for PBXNativeTarget "UnitTests" */ = {
			isa = XCConfigurationList;
			buildConfigurations = (
				9E103C60E587B69DC61B9D5F /* Release */,
				3F4619F7277B984DA549AA16 /* Debug */,
			);
			defaultConfigurationIsVisible = 0;
			defaultConfigurationName = Release;
		};
		2A75D9C633E425B862B05F4D /* Build configuration list for PBXProject "Wave Hub" */ = {
			isa = XCConfigurationList;
			buildConfigurations = (
				C2FA650272A4CF16FEF1FE61 /* Debug */,
				2D377486DD007382797C00F3 /* Release */,
			);
			defaultConfigurationIsVisible = 0;
			defaultConfigurationName = Release;
		};
		6F62ED2E12575E77861332A2 /* Build configuration list for PBXNativeTarget "Wave Hub" */ = {
			isa = XCConfigurationList;
			buildConfigurations = (
				104889AE533E30BDAF1F473A /* Release */,
				ECFE72449707485D792C1E82 /* Debug */,
			);
			defaultConfigurationIsVisible = 0;
			defaultConfigurationName = Release;
		};
/* End XCConfigurationList section */
	};
	rootObject = 3839A74F2E8E934D53C31C96 /* Project object */;
}
